// !$*UTF8*$!
{
	archiveVersion = 1;
	classes = {
	};
	objectVersion = 56;
	objects = {

/* Begin PBXBuildFile section */
		3888550E2B6C1E2000DB1D53 /* BunchiesView.swift in Sources */ = {isa = PBXBuildFile; fileRef = 3888550D2B6C1E2000DB1D53 /* BunchiesView.swift */; };
		388855102B6ED2E700DB1D53 /* LiveReviewsView.swift in Sources */ = {isa = PBXBuildFile; fileRef = 3888550F2B6ED2E700DB1D53 /* LiveReviewsView.swift */; };
		388855122B6ED30400DB1D53 /* SecurityPrivacyView.swift in Sources */ = {isa = PBXBuildFile; fileRef = 388855112B6ED30400DB1D53 /* SecurityPrivacyView.swift */; };
		38D00E812C1009CD00AFCF55 /* ProfileView.swift in Sources */ = {isa = PBXBuildFile; fileRef = 38D00E802C1009CD00AFCF55 /* ProfileView.swift */; };
		77071F532AEF726A00EA3200 /* RatingView.swift in Sources */ = {isa = PBXBuildFile; fileRef = 77071F522AEF726A00EA3200 /* RatingView.swift */; };
		770AD0582A76BBC0004CA5D2 /* SignInView.swift in Sources */ = {isa = PBXBuildFile; fileRef = 770AD0572A76BBC0004CA5D2 /* SignInView.swift */; };
		770AD05A2A76BBCB004CA5D2 /* SignUpView.swift in Sources */ = {isa = PBXBuildFile; fileRef = 770AD0592A76BBCB004CA5D2 /* SignUpView.swift */; };
		770AD05C2A76C0F1004CA5D2 /* GoogleService-Info.plist in Resources */ = {isa = PBXBuildFile; fileRef = 770AD05B2A76C0F1004CA5D2 /* GoogleService-Info.plist */; };
		770AD05D2A76C0F1004CA5D2 /* GoogleService-Info.plist in Resources */ = {isa = PBXBuildFile; fileRef = 770AD05B2A76C0F1004CA5D2 /* GoogleService-Info.plist */; };
		770AD05E2A76C0F1004CA5D2 /* GoogleService-Info.plist in Resources */ = {isa = PBXBuildFile; fileRef = 770AD05B2A76C0F1004CA5D2 /* GoogleService-Info.plist */; };
		770AD0612A76C1CB004CA5D2 /* FirebaseAnalytics in Frameworks */ = {isa = PBXBuildFile; productRef = 770AD0602A76C1CB004CA5D2 /* FirebaseAnalytics */; };
		770AD0632A76C1CB004CA5D2 /* FirebaseAnalyticsOnDeviceConversion in Frameworks */ = {isa = PBXBuildFile; productRef = 770AD0622A76C1CB004CA5D2 /* FirebaseAnalyticsOnDeviceConversion */; };
		770AD0652A76C1CB004CA5D2 /* FirebaseAnalyticsSwift in Frameworks */ = {isa = PBXBuildFile; productRef = 770AD0642A76C1CB004CA5D2 /* FirebaseAnalyticsSwift */; };
		770AD0672A76C1CB004CA5D2 /* FirebaseAnalyticsWithoutAdIdSupport in Frameworks */ = {isa = PBXBuildFile; productRef = 770AD0662A76C1CB004CA5D2 /* FirebaseAnalyticsWithoutAdIdSupport */; };
		770AD0692A76C1CB004CA5D2 /* FirebaseAppCheck in Frameworks */ = {isa = PBXBuildFile; productRef = 770AD0682A76C1CB004CA5D2 /* FirebaseAppCheck */; };
		770AD06B2A76C1CB004CA5D2 /* FirebaseAppDistribution-Beta in Frameworks */ = {isa = PBXBuildFile; productRef = 770AD06A2A76C1CB004CA5D2 /* FirebaseAppDistribution-Beta */; };
		770AD06D2A76C1CB004CA5D2 /* FirebaseAuth in Frameworks */ = {isa = PBXBuildFile; productRef = 770AD06C2A76C1CB004CA5D2 /* FirebaseAuth */; };
		770AD06F2A76C1CB004CA5D2 /* FirebaseAuthCombine-Community in Frameworks */ = {isa = PBXBuildFile; productRef = 770AD06E2A76C1CB004CA5D2 /* FirebaseAuthCombine-Community */; };
		770AD0712A76C1CB004CA5D2 /* FirebaseCrashlytics in Frameworks */ = {isa = PBXBuildFile; productRef = 770AD0702A76C1CB004CA5D2 /* FirebaseCrashlytics */; };
		770AD0732A76C1CB004CA5D2 /* FirebaseDatabase in Frameworks */ = {isa = PBXBuildFile; productRef = 770AD0722A76C1CB004CA5D2 /* FirebaseDatabase */; };
		770AD0752A76C1CB004CA5D2 /* FirebaseDatabaseSwift in Frameworks */ = {isa = PBXBuildFile; productRef = 770AD0742A76C1CB004CA5D2 /* FirebaseDatabaseSwift */; };
		770AD0772A76C1CB004CA5D2 /* FirebaseDynamicLinks in Frameworks */ = {isa = PBXBuildFile; productRef = 770AD0762A76C1CB004CA5D2 /* FirebaseDynamicLinks */; };
		770AD0792A76C1CB004CA5D2 /* FirebaseFirestore in Frameworks */ = {isa = PBXBuildFile; productRef = 770AD0782A76C1CB004CA5D2 /* FirebaseFirestore */; };
		770AD07B2A76C1CB004CA5D2 /* FirebaseFirestoreCombine-Community in Frameworks */ = {isa = PBXBuildFile; productRef = 770AD07A2A76C1CB004CA5D2 /* FirebaseFirestoreCombine-Community */; };
		770AD07D2A76C1CB004CA5D2 /* FirebaseFirestoreSwift in Frameworks */ = {isa = PBXBuildFile; productRef = 770AD07C2A76C1CB004CA5D2 /* FirebaseFirestoreSwift */; };
		770AD07F2A76C1CB004CA5D2 /* FirebaseFunctions in Frameworks */ = {isa = PBXBuildFile; productRef = 770AD07E2A76C1CB004CA5D2 /* FirebaseFunctions */; };
		770AD0812A76C1CB004CA5D2 /* FirebaseFunctionsCombine-Community in Frameworks */ = {isa = PBXBuildFile; productRef = 770AD0802A76C1CB004CA5D2 /* FirebaseFunctionsCombine-Community */; };
		770AD0832A76C1CB004CA5D2 /* FirebaseInAppMessaging-Beta in Frameworks */ = {isa = PBXBuildFile; productRef = 770AD0822A76C1CB004CA5D2 /* FirebaseInAppMessaging-Beta */; };
		770AD0852A76C1CB004CA5D2 /* FirebaseInAppMessagingSwift-Beta in Frameworks */ = {isa = PBXBuildFile; productRef = 770AD0842A76C1CB004CA5D2 /* FirebaseInAppMessagingSwift-Beta */; };
		770AD0872A76C1CB004CA5D2 /* FirebaseInstallations in Frameworks */ = {isa = PBXBuildFile; productRef = 770AD0862A76C1CB004CA5D2 /* FirebaseInstallations */; };
		770AD0892A76C1CB004CA5D2 /* FirebaseMLModelDownloader in Frameworks */ = {isa = PBXBuildFile; productRef = 770AD0882A76C1CB004CA5D2 /* FirebaseMLModelDownloader */; };
		770AD08B2A76C1CB004CA5D2 /* FirebaseMessaging in Frameworks */ = {isa = PBXBuildFile; productRef = 770AD08A2A76C1CB004CA5D2 /* FirebaseMessaging */; };
		770AD08D2A76C1CB004CA5D2 /* FirebasePerformance in Frameworks */ = {isa = PBXBuildFile; productRef = 770AD08C2A76C1CB004CA5D2 /* FirebasePerformance */; };
		770AD08F2A76C1CB004CA5D2 /* FirebaseRemoteConfig in Frameworks */ = {isa = PBXBuildFile; productRef = 770AD08E2A76C1CB004CA5D2 /* FirebaseRemoteConfig */; };
		770AD0912A76C1CB004CA5D2 /* FirebaseRemoteConfigSwift in Frameworks */ = {isa = PBXBuildFile; productRef = 770AD0902A76C1CB004CA5D2 /* FirebaseRemoteConfigSwift */; };
		770AD0932A76C1CB004CA5D2 /* FirebaseStorage in Frameworks */ = {isa = PBXBuildFile; productRef = 770AD0922A76C1CB004CA5D2 /* FirebaseStorage */; };
		770AD0952A76C1CB004CA5D2 /* FirebaseStorageCombine-Community in Frameworks */ = {isa = PBXBuildFile; productRef = 770AD0942A76C1CB004CA5D2 /* FirebaseStorageCombine-Community */; };
		770AD0972A76D0BE004CA5D2 /* SettingsView.swift in Sources */ = {isa = PBXBuildFile; fileRef = 770AD0962A76D0BE004CA5D2 /* SettingsView.swift */; };
		770AD09B2A778AEA004CA5D2 /* HamburgerMenu.swift in Sources */ = {isa = PBXBuildFile; fileRef = 770AD09A2A778AEA004CA5D2 /* HamburgerMenu.swift */; };
		770BF48B2B69770100422D01 /* OffsetModifier.swift in Sources */ = {isa = PBXBuildFile; fileRef = 770BF48A2B69770100422D01 /* OffsetModifier.swift */; };
		772BA6922B74922C003C08BE /* ParticleEffect.swift in Sources */ = {isa = PBXBuildFile; fileRef = 772BA6912B74922C003C08BE /* ParticleEffect.swift */; };
		772BA6942B7492B6003C08BE /* Particle.swift in Sources */ = {isa = PBXBuildFile; fileRef = 772BA6932B7492B6003C08BE /* Particle.swift */; };
		772D044B2B57A9780099859D /* VideoModel.swift in Sources */ = {isa = PBXBuildFile; fileRef = 772D044A2B57A9780099859D /* VideoModel.swift */; };
		7736A5932C1262EC00842D0D /* VenueView.swift in Sources */ = {isa = PBXBuildFile; fileRef = 7736A5922C1262EC00842D0D /* VenueView.swift */; };
		7736A5952C135F8600842D0D /* VenueModelDTO.swift in Sources */ = {isa = PBXBuildFile; fileRef = 7736A5942C135F8600842D0D /* VenueModelDTO.swift */; };
		774157072C0A190C0076C73D /* ReviewsView.swift in Sources */ = {isa = PBXBuildFile; fileRef = 774157062C0A190C0076C73D /* ReviewsView.swift */; };
		774157092C0AE0AE0076C73D /* ReviewsRepository.swift in Sources */ = {isa = PBXBuildFile; fileRef = 774157082C0AE0AE0076C73D /* ReviewsRepository.swift */; };
		7741570B2C0B1FA10076C73D /* SpecialsRepository.swift in Sources */ = {isa = PBXBuildFile; fileRef = 7741570A2C0B1FA10076C73D /* SpecialsRepository.swift */; };
		7741570D2C0B224E0076C73D /* SpecialsService.swift in Sources */ = {isa = PBXBuildFile; fileRef = 7741570C2C0B224E0076C73D /* SpecialsService.swift */; };
		7741570F2C0B22580076C73D /* ReviewsService.swift in Sources */ = {isa = PBXBuildFile; fileRef = 7741570E2C0B22580076C73D /* ReviewsService.swift */; };
		774157122C0C2AE30076C73D /* SearchView.swift in Sources */ = {isa = PBXBuildFile; fileRef = 774157112C0C2AE30076C73D /* SearchView.swift */; };
		774157162C0C2CF10076C73D /* LocationManager.swift in Sources */ = {isa = PBXBuildFile; fileRef = 774157152C0C2CF10076C73D /* LocationManager.swift */; };
		774157182C0FB0500076C73D /* CreateReviewOverlay.swift in Sources */ = {isa = PBXBuildFile; fileRef = 774157172C0FB0500076C73D /* CreateReviewOverlay.swift */; };
		7752C14E2C899256004E9856 /* SearchModel.swift in Sources */ = {isa = PBXBuildFile; fileRef = 7752C14D2C899256004E9856 /* SearchModel.swift */; };
		7752C1502C8E2ADD004E9856 /* LoopingVIdeoPlayerView.swift in Sources */ = {isa = PBXBuildFile; fileRef = 7752C14F2C8E2ADD004E9856 /* LoopingVIdeoPlayerView.swift */; };
		7752C1522C8EBF1D004E9856 /* venueTabsView.swift in Sources */ = {isa = PBXBuildFile; fileRef = 7752C1512C8EBF1D004E9856 /* venueTabsView.swift */; };
		7753346D2B4FD4630078564B /* CategoryTypeModel.swift in Sources */ = {isa = PBXBuildFile; fileRef = 7753346C2B4FD4630078564B /* CategoryTypeModel.swift */; };
		7753346F2B4FD5670078564B /* CategoryModel.swift in Sources */ = {isa = PBXBuildFile; fileRef = 7753346E2B4FD5670078564B /* CategoryModel.swift */; };
		77598A6C2B0FE50100C9C5F3 /* VenueModel.swift in Sources */ = {isa = PBXBuildFile; fileRef = 77598A6B2B0FE50100C9C5F3 /* VenueModel.swift */; };
		7772A01A2B67811400652687 /* VenuesViewModel.swift in Sources */ = {isa = PBXBuildFile; fileRef = 7772A0192B67811400652687 /* VenuesViewModel.swift */; };
		7772A01F2B67821600652687 /* ReviewsViewModel.swift in Sources */ = {isa = PBXBuildFile; fileRef = 7772A01E2B67821600652687 /* ReviewsViewModel.swift */; };
		7772A0212B67822F00652687 /* SpecialsViewModel.swift in Sources */ = {isa = PBXBuildFile; fileRef = 7772A0202B67822F00652687 /* SpecialsViewModel.swift */; };
		7772A0272B6943F200652687 /* PacmanAnimation.swift in Sources */ = {isa = PBXBuildFile; fileRef = 7772A0262B6943F200652687 /* PacmanAnimation.swift */; };
		7772A0292B6944B800652687 /* SpinningView.swift in Sources */ = {isa = PBXBuildFile; fileRef = 7772A0282B6944B800652687 /* SpinningView.swift */; };
		77B247902D1E8B330030ABBF /* MainView.swift in Sources */ = {isa = PBXBuildFile; fileRef = 77B2478F2D1E8B330030ABBF /* MainView.swift */; };
		77B97AB52B6380F600EE6A42 /* ReviewModel.swift in Sources */ = {isa = PBXBuildFile; fileRef = 77B97AB42B6380F600EE6A42 /* ReviewModel.swift */; };
		77B97AB72B669BFB00EE6A42 /* SpecialModel.swift in Sources */ = {isa = PBXBuildFile; fileRef = 77B97AB62B669BFB00EE6A42 /* SpecialModel.swift */; };
		77BC66C02B78F8F0008C81EE /* PulsingCircle.swift in Sources */ = {isa = PBXBuildFile; fileRef = 77BC66BF2B78F8F0008C81EE /* PulsingCircle.swift */; };
		77BC66C22B793C7B008C81EE /* LiveReviewTabsModel.swift in Sources */ = {isa = PBXBuildFile; fileRef = 77BC66C12B793C7B008C81EE /* LiveReviewTabsModel.swift */; };
		77C5101F2B4BB500005D3EE3 /* RecommendationModal.swift in Sources */ = {isa = PBXBuildFile; fileRef = 77C5101E2B4BB500005D3EE3 /* RecommendationModal.swift */; };
		77C510222B4D158C005D3EE3 /* Card.swift in Sources */ = {isa = PBXBuildFile; fileRef = 77C510212B4D158C005D3EE3 /* Card.swift */; };
		77DC3AE02B034CC9009F2B9A /* VideoPlayerHomeView.swift in Sources */ = {isa = PBXBuildFile; fileRef = 77DC3ADF2B034CC9009F2B9A /* VideoPlayerHomeView.swift */; };
		77DC3AE32B051CA4009F2B9A /* YouTubePlayerKit in Frameworks */ = {isa = PBXBuildFile; productRef = 77DC3AE22B051CA4009F2B9A /* YouTubePlayerKit */; };
		77DC3AE52B064ECB009F2B9A /* exampleMp4.mp4 in Resources */ = {isa = PBXBuildFile; fileRef = 77DC3AE42B064ECA009F2B9A /* exampleMp4.mp4 */; };
		77E3830D2A7225470084B8A6 /* ProjectMunchiesApp.swift in Sources */ = {isa = PBXBuildFile; fileRef = 77E3830C2A7225470084B8A6 /* ProjectMunchiesApp.swift */; };
		77E3830F2A7225470084B8A6 /* ContentView.swift in Sources */ = {isa = PBXBuildFile; fileRef = 77E3830E2A7225470084B8A6 /* ContentView.swift */; };
		77E383112A7225490084B8A6 /* Assets.xcassets in Resources */ = {isa = PBXBuildFile; fileRef = 77E383102A7225490084B8A6 /* Assets.xcassets */; };
		77E383142A7225490084B8A6 /* Preview Assets.xcassets in Resources */ = {isa = PBXBuildFile; fileRef = 77E383132A7225490084B8A6 /* Preview Assets.xcassets */; };
		77E3831E2A7225490084B8A6 /* ProjectMunchiesTests.swift in Sources */ = {isa = PBXBuildFile; fileRef = 77E3831D2A7225490084B8A6 /* ProjectMunchiesTests.swift */; };
		77E383282A7225490084B8A6 /* ProjectMunchiesUITests.swift in Sources */ = {isa = PBXBuildFile; fileRef = 77E383272A7225490084B8A6 /* ProjectMunchiesUITests.swift */; };
		77E3832A2A7225490084B8A6 /* ProjectMunchiesUITestsLaunchTests.swift in Sources */ = {isa = PBXBuildFile; fileRef = 77E383292A7225490084B8A6 /* ProjectMunchiesUITestsLaunchTests.swift */; };
		77E383412A7242A40084B8A6 /* SearchBar.swift in Sources */ = {isa = PBXBuildFile; fileRef = 77E383402A7242A40084B8A6 /* SearchBar.swift */; };
		77E383492A7388F50084B8A6 /* ProfileModel.swift in Sources */ = {isa = PBXBuildFile; fileRef = 77E383482A7388F50084B8A6 /* ProfileModel.swift */; };
		77E3834B2A738D480084B8A6 /* Extensions.swift in Sources */ = {isa = PBXBuildFile; fileRef = 77E3834A2A738D480084B8A6 /* Extensions.swift */; };
		77E3834D2A74E36A0084B8A6 /* ViewRouter.swift in Sources */ = {isa = PBXBuildFile; fileRef = 77E3834C2A74E36A0084B8A6 /* ViewRouter.swift */; };
		77EBA5132C04DCAD00437FCE /* ProfilesRepository.swift in Sources */ = {isa = PBXBuildFile; fileRef = 77EBA5122C04DCAD00437FCE /* ProfilesRepository.swift */; };
		77EBA5152C05001B00437FCE /* FbStorageRepository.swift in Sources */ = {isa = PBXBuildFile; fileRef = 77EBA5142C05001B00437FCE /* FbStorageRepository.swift */; };
		77EBA5172C05082500437FCE /* ProfilesService.swift in Sources */ = {isa = PBXBuildFile; fileRef = 77EBA5162C05082500437FCE /* ProfilesService.swift */; };
		77EBA5192C052C9E00437FCE /* VenuesService.swift in Sources */ = {isa = PBXBuildFile; fileRef = 77EBA5182C052C9E00437FCE /* VenuesService.swift */; };
		77EBA51B2C052D2300437FCE /* VenuesRepository.swift in Sources */ = {isa = PBXBuildFile; fileRef = 77EBA51A2C052D2300437FCE /* VenuesRepository.swift */; };
		77EBA51D2C067EB900437FCE /* AutoScrollView.swift in Sources */ = {isa = PBXBuildFile; fileRef = 77EBA51C2C067EB900437FCE /* AutoScrollView.swift */; };
		77EBA5222C08AB6900437FCE /* HomeView.swift in Sources */ = {isa = PBXBuildFile; fileRef = 77EBA5212C08AB6900437FCE /* HomeView.swift */; };
		77EBA5242C08ABA200437FCE /* NavBarTabsModel.swift in Sources */ = {isa = PBXBuildFile; fileRef = 77EBA5232C08ABA200437FCE /* NavBarTabsModel.swift */; };
		77EBA5262C08ADF500437FCE /* BottomSheetHelper.swift in Sources */ = {isa = PBXBuildFile; fileRef = 77EBA5252C08ADF500437FCE /* BottomSheetHelper.swift */; };
		77EBA5282C08D69000437FCE /* FilterView.swift in Sources */ = {isa = PBXBuildFile; fileRef = 77EBA5272C08D69000437FCE /* FilterView.swift */; };
		77EBA52A2C08D6A100437FCE /* CrunchAIView.swift in Sources */ = {isa = PBXBuildFile; fileRef = 77EBA5292C08D6A100437FCE /* CrunchAIView.swift */; };
		77F3E0A62A86092500BC3791 /* ImagePicker.swift in Sources */ = {isa = PBXBuildFile; fileRef = 77F3E0A52A86092500BC3791 /* ImagePicker.swift */; };
		77F3E0AA2A860C3E00BC3791 /* ProfilesViewModel.swift in Sources */ = {isa = PBXBuildFile; fileRef = 77F3E0A92A860C3E00BC3791 /* ProfilesViewModel.swift */; };
		77F3E0AC2A8693DC00BC3791 /* FoodFilterModel.swift in Sources */ = {isa = PBXBuildFile; fileRef = 77F3E0AB2A8693DC00BC3791 /* FoodFilterModel.swift */; };
		77F3E0AE2A87A13C00BC3791 /* Header.swift in Sources */ = {isa = PBXBuildFile; fileRef = 77F3E0AD2A87A13C00BC3791 /* Header.swift */; };
/* End PBXBuildFile section */

/* Begin PBXContainerItemProxy section */
		77E3831A2A7225490084B8A6 /* PBXContainerItemProxy */ = {
			isa = PBXContainerItemProxy;
			containerPortal = 77E383012A7225470084B8A6 /* Project object */;
			proxyType = 1;
			remoteGlobalIDString = 77E383082A7225470084B8A6;
			remoteInfo = ProjectMunchies;
		};
		77E383242A7225490084B8A6 /* PBXContainerItemProxy */ = {
			isa = PBXContainerItemProxy;
			containerPortal = 77E383012A7225470084B8A6 /* Project object */;
			proxyType = 1;
			remoteGlobalIDString = 77E383082A7225470084B8A6;
			remoteInfo = ProjectMunchies;
		};
/* End PBXContainerItemProxy section */

/* Begin PBXFileReference section */
		3888550D2B6C1E2000DB1D53 /* BunchiesView.swift */ = {isa = PBXFileReference; lastKnownFileType = sourcecode.swift; path = BunchiesView.swift; sourceTree = "<group>"; };
		3888550F2B6ED2E700DB1D53 /* LiveReviewsView.swift */ = {isa = PBXFileReference; lastKnownFileType = sourcecode.swift; path = LiveReviewsView.swift; sourceTree = "<group>"; };
		388855112B6ED30400DB1D53 /* SecurityPrivacyView.swift */ = {isa = PBXFileReference; lastKnownFileType = sourcecode.swift; path = SecurityPrivacyView.swift; sourceTree = "<group>"; };
		38D00E802C1009CD00AFCF55 /* ProfileView.swift */ = {isa = PBXFileReference; lastKnownFileType = sourcecode.swift; path = ProfileView.swift; sourceTree = "<group>"; };
		77071F522AEF726A00EA3200 /* RatingView.swift */ = {isa = PBXFileReference; lastKnownFileType = sourcecode.swift; path = RatingView.swift; sourceTree = "<group>"; };
		770AD0572A76BBC0004CA5D2 /* SignInView.swift */ = {isa = PBXFileReference; lastKnownFileType = sourcecode.swift; path = SignInView.swift; sourceTree = "<group>"; };
		770AD0592A76BBCB004CA5D2 /* SignUpView.swift */ = {isa = PBXFileReference; lastKnownFileType = sourcecode.swift; path = SignUpView.swift; sourceTree = "<group>"; };
		770AD05B2A76C0F1004CA5D2 /* GoogleService-Info.plist */ = {isa = PBXFileReference; fileEncoding = 4; lastKnownFileType = text.plist.xml; path = "GoogleService-Info.plist"; sourceTree = "<group>"; };
		770AD0962A76D0BE004CA5D2 /* SettingsView.swift */ = {isa = PBXFileReference; lastKnownFileType = sourcecode.swift; path = SettingsView.swift; sourceTree = "<group>"; };
		770AD09A2A778AEA004CA5D2 /* HamburgerMenu.swift */ = {isa = PBXFileReference; lastKnownFileType = sourcecode.swift; path = HamburgerMenu.swift; sourceTree = "<group>"; };
		770BF48A2B69770100422D01 /* OffsetModifier.swift */ = {isa = PBXFileReference; lastKnownFileType = sourcecode.swift; path = OffsetModifier.swift; sourceTree = "<group>"; };
		772BA6912B74922C003C08BE /* ParticleEffect.swift */ = {isa = PBXFileReference; lastKnownFileType = sourcecode.swift; path = ParticleEffect.swift; sourceTree = "<group>"; };
		772BA6932B7492B6003C08BE /* Particle.swift */ = {isa = PBXFileReference; lastKnownFileType = sourcecode.swift; path = Particle.swift; sourceTree = "<group>"; };
		772D044A2B57A9780099859D /* VideoModel.swift */ = {isa = PBXFileReference; lastKnownFileType = sourcecode.swift; path = VideoModel.swift; sourceTree = "<group>"; };
		7736A5922C1262EC00842D0D /* VenueView.swift */ = {isa = PBXFileReference; lastKnownFileType = sourcecode.swift; path = VenueView.swift; sourceTree = "<group>"; };
		7736A5942C135F8600842D0D /* VenueModelDTO.swift */ = {isa = PBXFileReference; lastKnownFileType = sourcecode.swift; path = VenueModelDTO.swift; sourceTree = "<group>"; };
		774157062C0A190C0076C73D /* ReviewsView.swift */ = {isa = PBXFileReference; lastKnownFileType = sourcecode.swift; path = ReviewsView.swift; sourceTree = "<group>"; };
		774157082C0AE0AE0076C73D /* ReviewsRepository.swift */ = {isa = PBXFileReference; lastKnownFileType = sourcecode.swift; path = ReviewsRepository.swift; sourceTree = "<group>"; };
		7741570A2C0B1FA10076C73D /* SpecialsRepository.swift */ = {isa = PBXFileReference; lastKnownFileType = sourcecode.swift; path = SpecialsRepository.swift; sourceTree = "<group>"; };
		7741570C2C0B224E0076C73D /* SpecialsService.swift */ = {isa = PBXFileReference; lastKnownFileType = sourcecode.swift; path = SpecialsService.swift; sourceTree = "<group>"; };
		7741570E2C0B22580076C73D /* ReviewsService.swift */ = {isa = PBXFileReference; lastKnownFileType = sourcecode.swift; path = ReviewsService.swift; sourceTree = "<group>"; };
		774157112C0C2AE30076C73D /* SearchView.swift */ = {isa = PBXFileReference; lastKnownFileType = sourcecode.swift; path = SearchView.swift; sourceTree = "<group>"; };
		774157152C0C2CF10076C73D /* LocationManager.swift */ = {isa = PBXFileReference; lastKnownFileType = sourcecode.swift; path = LocationManager.swift; sourceTree = "<group>"; };
		774157172C0FB0500076C73D /* CreateReviewOverlay.swift */ = {isa = PBXFileReference; lastKnownFileType = sourcecode.swift; path = CreateReviewOverlay.swift; sourceTree = "<group>"; };
		7752C14D2C899256004E9856 /* SearchModel.swift */ = {isa = PBXFileReference; lastKnownFileType = sourcecode.swift; path = SearchModel.swift; sourceTree = "<group>"; };
		7752C14F2C8E2ADD004E9856 /* LoopingVIdeoPlayerView.swift */ = {isa = PBXFileReference; lastKnownFileType = sourcecode.swift; path = LoopingVIdeoPlayerView.swift; sourceTree = "<group>"; };
		7752C1512C8EBF1D004E9856 /* venueTabsView.swift */ = {isa = PBXFileReference; lastKnownFileType = sourcecode.swift; path = venueTabsView.swift; sourceTree = "<group>"; };
		7753346C2B4FD4630078564B /* CategoryTypeModel.swift */ = {isa = PBXFileReference; lastKnownFileType = sourcecode.swift; path = CategoryTypeModel.swift; sourceTree = "<group>"; };
		7753346E2B4FD5670078564B /* CategoryModel.swift */ = {isa = PBXFileReference; lastKnownFileType = sourcecode.swift; path = CategoryModel.swift; sourceTree = "<group>"; };
		77598A6B2B0FE50100C9C5F3 /* VenueModel.swift */ = {isa = PBXFileReference; lastKnownFileType = sourcecode.swift; path = VenueModel.swift; sourceTree = "<group>"; };
		7772A0192B67811400652687 /* VenuesViewModel.swift */ = {isa = PBXFileReference; lastKnownFileType = sourcecode.swift; path = VenuesViewModel.swift; sourceTree = "<group>"; };
		7772A01E2B67821600652687 /* ReviewsViewModel.swift */ = {isa = PBXFileReference; lastKnownFileType = sourcecode.swift; path = ReviewsViewModel.swift; sourceTree = "<group>"; };
		7772A0202B67822F00652687 /* SpecialsViewModel.swift */ = {isa = PBXFileReference; lastKnownFileType = sourcecode.swift; path = SpecialsViewModel.swift; sourceTree = "<group>"; };
		7772A0262B6943F200652687 /* PacmanAnimation.swift */ = {isa = PBXFileReference; lastKnownFileType = sourcecode.swift; path = PacmanAnimation.swift; sourceTree = "<group>"; };
		7772A0282B6944B800652687 /* SpinningView.swift */ = {isa = PBXFileReference; lastKnownFileType = sourcecode.swift; path = SpinningView.swift; sourceTree = "<group>"; };
		77B2478F2D1E8B330030ABBF /* MainView.swift */ = {isa = PBXFileReference; lastKnownFileType = sourcecode.swift; path = MainView.swift; sourceTree = "<group>"; };
		77B97AB42B6380F600EE6A42 /* ReviewModel.swift */ = {isa = PBXFileReference; lastKnownFileType = sourcecode.swift; path = ReviewModel.swift; sourceTree = "<group>"; };
		77B97AB62B669BFB00EE6A42 /* SpecialModel.swift */ = {isa = PBXFileReference; lastKnownFileType = sourcecode.swift; path = SpecialModel.swift; sourceTree = "<group>"; };
		77BC66BF2B78F8F0008C81EE /* PulsingCircle.swift */ = {isa = PBXFileReference; lastKnownFileType = sourcecode.swift; path = PulsingCircle.swift; sourceTree = "<group>"; };
		77BC66C12B793C7B008C81EE /* LiveReviewTabsModel.swift */ = {isa = PBXFileReference; lastKnownFileType = sourcecode.swift; path = LiveReviewTabsModel.swift; sourceTree = "<group>"; };
		77C5101E2B4BB500005D3EE3 /* RecommendationModal.swift */ = {isa = PBXFileReference; lastKnownFileType = sourcecode.swift; path = RecommendationModal.swift; sourceTree = "<group>"; };
		77C510212B4D158C005D3EE3 /* Card.swift */ = {isa = PBXFileReference; lastKnownFileType = sourcecode.swift; path = Card.swift; sourceTree = "<group>"; };
		77DC3ADF2B034CC9009F2B9A /* VideoPlayerHomeView.swift */ = {isa = PBXFileReference; lastKnownFileType = sourcecode.swift; path = VideoPlayerHomeView.swift; sourceTree = "<group>"; };
		77DC3AE42B064ECA009F2B9A /* exampleMp4.mp4 */ = {isa = PBXFileReference; lastKnownFileType = file; path = exampleMp4.mp4; sourceTree = "<group>"; };
		77E383092A7225470084B8A6 /* ProjectMunchies.app */ = {isa = PBXFileReference; explicitFileType = wrapper.application; includeInIndex = 0; path = ProjectMunchies.app; sourceTree = BUILT_PRODUCTS_DIR; };
		77E3830C2A7225470084B8A6 /* ProjectMunchiesApp.swift */ = {isa = PBXFileReference; lastKnownFileType = sourcecode.swift; path = ProjectMunchiesApp.swift; sourceTree = "<group>"; };
		77E3830E2A7225470084B8A6 /* ContentView.swift */ = {isa = PBXFileReference; lastKnownFileType = sourcecode.swift; path = ContentView.swift; sourceTree = "<group>"; };
		77E383102A7225490084B8A6 /* Assets.xcassets */ = {isa = PBXFileReference; lastKnownFileType = folder.assetcatalog; path = Assets.xcassets; sourceTree = "<group>"; };
		77E383132A7225490084B8A6 /* Preview Assets.xcassets */ = {isa = PBXFileReference; lastKnownFileType = folder.assetcatalog; path = "Preview Assets.xcassets"; sourceTree = "<group>"; };
		77E383192A7225490084B8A6 /* ProjectMunchiesTests.xctest */ = {isa = PBXFileReference; explicitFileType = wrapper.cfbundle; includeInIndex = 0; path = ProjectMunchiesTests.xctest; sourceTree = BUILT_PRODUCTS_DIR; };
		77E3831D2A7225490084B8A6 /* ProjectMunchiesTests.swift */ = {isa = PBXFileReference; lastKnownFileType = sourcecode.swift; path = ProjectMunchiesTests.swift; sourceTree = "<group>"; };
		77E383232A7225490084B8A6 /* ProjectMunchiesUITests.xctest */ = {isa = PBXFileReference; explicitFileType = wrapper.cfbundle; includeInIndex = 0; path = ProjectMunchiesUITests.xctest; sourceTree = BUILT_PRODUCTS_DIR; };
		77E383272A7225490084B8A6 /* ProjectMunchiesUITests.swift */ = {isa = PBXFileReference; lastKnownFileType = sourcecode.swift; path = ProjectMunchiesUITests.swift; sourceTree = "<group>"; };
		77E383292A7225490084B8A6 /* ProjectMunchiesUITestsLaunchTests.swift */ = {isa = PBXFileReference; lastKnownFileType = sourcecode.swift; path = ProjectMunchiesUITestsLaunchTests.swift; sourceTree = "<group>"; };
		77E383402A7242A40084B8A6 /* SearchBar.swift */ = {isa = PBXFileReference; lastKnownFileType = sourcecode.swift; path = SearchBar.swift; sourceTree = "<group>"; };
		77E383482A7388F50084B8A6 /* ProfileModel.swift */ = {isa = PBXFileReference; lastKnownFileType = sourcecode.swift; path = ProfileModel.swift; sourceTree = "<group>"; };
		77E3834A2A738D480084B8A6 /* Extensions.swift */ = {isa = PBXFileReference; lastKnownFileType = sourcecode.swift; path = Extensions.swift; sourceTree = "<group>"; };
		77E3834C2A74E36A0084B8A6 /* ViewRouter.swift */ = {isa = PBXFileReference; lastKnownFileType = sourcecode.swift; path = ViewRouter.swift; sourceTree = "<group>"; };
		77E383502A75B78F0084B8A6 /* Info.plist */ = {isa = PBXFileReference; lastKnownFileType = text.plist; path = Info.plist; sourceTree = "<group>"; };
		77EBA5122C04DCAD00437FCE /* ProfilesRepository.swift */ = {isa = PBXFileReference; lastKnownFileType = sourcecode.swift; path = ProfilesRepository.swift; sourceTree = "<group>"; };
		77EBA5142C05001B00437FCE /* FbStorageRepository.swift */ = {isa = PBXFileReference; lastKnownFileType = sourcecode.swift; path = FbStorageRepository.swift; sourceTree = "<group>"; };
		77EBA5162C05082500437FCE /* ProfilesService.swift */ = {isa = PBXFileReference; lastKnownFileType = sourcecode.swift; path = ProfilesService.swift; sourceTree = "<group>"; };
		77EBA5182C052C9E00437FCE /* VenuesService.swift */ = {isa = PBXFileReference; lastKnownFileType = sourcecode.swift; path = VenuesService.swift; sourceTree = "<group>"; };
		77EBA51A2C052D2300437FCE /* VenuesRepository.swift */ = {isa = PBXFileReference; lastKnownFileType = sourcecode.swift; path = VenuesRepository.swift; sourceTree = "<group>"; };
		77EBA51C2C067EB900437FCE /* AutoScrollView.swift */ = {isa = PBXFileReference; lastKnownFileType = sourcecode.swift; path = AutoScrollView.swift; sourceTree = "<group>"; };
		77EBA5212C08AB6900437FCE /* HomeView.swift */ = {isa = PBXFileReference; lastKnownFileType = sourcecode.swift; path = HomeView.swift; sourceTree = "<group>"; };
		77EBA5232C08ABA200437FCE /* NavBarTabsModel.swift */ = {isa = PBXFileReference; lastKnownFileType = sourcecode.swift; path = NavBarTabsModel.swift; sourceTree = "<group>"; };
		77EBA5252C08ADF500437FCE /* BottomSheetHelper.swift */ = {isa = PBXFileReference; lastKnownFileType = sourcecode.swift; path = BottomSheetHelper.swift; sourceTree = "<group>"; };
		77EBA5272C08D69000437FCE /* FilterView.swift */ = {isa = PBXFileReference; lastKnownFileType = sourcecode.swift; path = FilterView.swift; sourceTree = "<group>"; };
		77EBA5292C08D6A100437FCE /* CrunchAIView.swift */ = {isa = PBXFileReference; lastKnownFileType = sourcecode.swift; path = CrunchAIView.swift; sourceTree = "<group>"; };
		77F3E0A52A86092500BC3791 /* ImagePicker.swift */ = {isa = PBXFileReference; lastKnownFileType = sourcecode.swift; path = ImagePicker.swift; sourceTree = "<group>"; };
		77F3E0A92A860C3E00BC3791 /* ProfilesViewModel.swift */ = {isa = PBXFileReference; lastKnownFileType = sourcecode.swift; path = ProfilesViewModel.swift; sourceTree = "<group>"; };
		77F3E0AB2A8693DC00BC3791 /* FoodFilterModel.swift */ = {isa = PBXFileReference; lastKnownFileType = sourcecode.swift; path = FoodFilterModel.swift; sourceTree = "<group>"; };
		77F3E0AD2A87A13C00BC3791 /* Header.swift */ = {isa = PBXFileReference; lastKnownFileType = sourcecode.swift; path = Header.swift; sourceTree = "<group>"; };
/* End PBXFileReference section */

/* Begin PBXFrameworksBuildPhase section */
		77E383062A7225470084B8A6 /* Frameworks */ = {
			isa = PBXFrameworksBuildPhase;
			buildActionMask = 2147483647;
			files = (
				770AD0732A76C1CB004CA5D2 /* FirebaseDatabase in Frameworks */,
				770AD0812A76C1CB004CA5D2 /* FirebaseFunctionsCombine-Community in Frameworks */,
				770AD0792A76C1CB004CA5D2 /* FirebaseFirestore in Frameworks */,
				770AD0652A76C1CB004CA5D2 /* FirebaseAnalyticsSwift in Frameworks */,
				770AD0612A76C1CB004CA5D2 /* FirebaseAnalytics in Frameworks */,
				770AD0632A76C1CB004CA5D2 /* FirebaseAnalyticsOnDeviceConversion in Frameworks */,
				770AD0892A76C1CB004CA5D2 /* FirebaseMLModelDownloader in Frameworks */,
				770AD07D2A76C1CB004CA5D2 /* FirebaseFirestoreSwift in Frameworks */,
				770AD0692A76C1CB004CA5D2 /* FirebaseAppCheck in Frameworks */,
				770AD0672A76C1CB004CA5D2 /* FirebaseAnalyticsWithoutAdIdSupport in Frameworks */,
				770AD06D2A76C1CB004CA5D2 /* FirebaseAuth in Frameworks */,
				770AD0712A76C1CB004CA5D2 /* FirebaseCrashlytics in Frameworks */,
				770AD0912A76C1CB004CA5D2 /* FirebaseRemoteConfigSwift in Frameworks */,
				770AD0832A76C1CB004CA5D2 /* FirebaseInAppMessaging-Beta in Frameworks */,
				77DC3AE32B051CA4009F2B9A /* YouTubePlayerKit in Frameworks */,
				770AD0752A76C1CB004CA5D2 /* FirebaseDatabaseSwift in Frameworks */,
				770AD07F2A76C1CB004CA5D2 /* FirebaseFunctions in Frameworks */,
				770AD0952A76C1CB004CA5D2 /* FirebaseStorageCombine-Community in Frameworks */,
				770AD08F2A76C1CB004CA5D2 /* FirebaseRemoteConfig in Frameworks */,
				770AD06B2A76C1CB004CA5D2 /* FirebaseAppDistribution-Beta in Frameworks */,
				770AD06F2A76C1CB004CA5D2 /* FirebaseAuthCombine-Community in Frameworks */,
				770AD08D2A76C1CB004CA5D2 /* FirebasePerformance in Frameworks */,
				770AD0852A76C1CB004CA5D2 /* FirebaseInAppMessagingSwift-Beta in Frameworks */,
				770AD0932A76C1CB004CA5D2 /* FirebaseStorage in Frameworks */,
				770AD0772A76C1CB004CA5D2 /* FirebaseDynamicLinks in Frameworks */,
				770AD07B2A76C1CB004CA5D2 /* FirebaseFirestoreCombine-Community in Frameworks */,
				770AD08B2A76C1CB004CA5D2 /* FirebaseMessaging in Frameworks */,
				770AD0872A76C1CB004CA5D2 /* FirebaseInstallations in Frameworks */,
			);
			runOnlyForDeploymentPostprocessing = 0;
		};
		77E383162A7225490084B8A6 /* Frameworks */ = {
			isa = PBXFrameworksBuildPhase;
			buildActionMask = 2147483647;
			files = (
			);
			runOnlyForDeploymentPostprocessing = 0;
		};
		77E383202A7225490084B8A6 /* Frameworks */ = {
			isa = PBXFrameworksBuildPhase;
			buildActionMask = 2147483647;
			files = (
			);
			runOnlyForDeploymentPostprocessing = 0;
		};
/* End PBXFrameworksBuildPhase section */

/* Begin PBXGroup section */
		77E383002A7225470084B8A6 = {
			isa = PBXGroup;
			children = (
				77DC3AE42B064ECA009F2B9A /* exampleMp4.mp4 */,
				77E3830B2A7225470084B8A6 /* ProjectMunchies */,
				77E3831C2A7225490084B8A6 /* ProjectMunchiesTests */,
				77E383262A7225490084B8A6 /* ProjectMunchiesUITests */,
				77E3830A2A7225470084B8A6 /* Products */,
			);
			sourceTree = "<group>";
		};
		77E3830A2A7225470084B8A6 /* Products */ = {
			isa = PBXGroup;
			children = (
				77E383092A7225470084B8A6 /* ProjectMunchies.app */,
				77E383192A7225490084B8A6 /* ProjectMunchiesTests.xctest */,
				77E383232A7225490084B8A6 /* ProjectMunchiesUITests.xctest */,
			);
			name = Products;
			sourceTree = "<group>";
		};
		77E3830B2A7225470084B8A6 /* ProjectMunchies */ = {
			isa = PBXGroup;
			children = (
				77EBA5112C04D96400437FCE /* viewModels */,
				77EBA5102C04D95C00437FCE /* models */,
				77EBA50F2C04D94D00437FCE /* views */,
				77EBA50E2C04D94100437FCE /* services */,
				77EBA50D2C04D93700437FCE /* extensions */,
				77EBA50C2C04D93100437FCE /* data */,
				77F3E0A42A8608CD00BC3791 /* utils */,
				77E3830C2A7225470084B8A6 /* ProjectMunchiesApp.swift */,
				77E383102A7225490084B8A6 /* Assets.xcassets */,
				77E383502A75B78F0084B8A6 /* Info.plist */,
				770AD05B2A76C0F1004CA5D2 /* GoogleService-Info.plist */,
				77E383122A7225490084B8A6 /* Preview Content */,
			);
			path = ProjectMunchies;
			sourceTree = "<group>";
		};
		77E383122A7225490084B8A6 /* Preview Content */ = {
			isa = PBXGroup;
			children = (
				77E383132A7225490084B8A6 /* Preview Assets.xcassets */,
			);
			path = "Preview Content";
			sourceTree = "<group>";
		};
		77E3831C2A7225490084B8A6 /* ProjectMunchiesTests */ = {
			isa = PBXGroup;
			children = (
				77E3831D2A7225490084B8A6 /* ProjectMunchiesTests.swift */,
			);
			path = ProjectMunchiesTests;
			sourceTree = "<group>";
		};
		77E383262A7225490084B8A6 /* ProjectMunchiesUITests */ = {
			isa = PBXGroup;
			children = (
				77E383272A7225490084B8A6 /* ProjectMunchiesUITests.swift */,
				77E383292A7225490084B8A6 /* ProjectMunchiesUITestsLaunchTests.swift */,
			);
			path = ProjectMunchiesUITests;
			sourceTree = "<group>";
		};
		77EBA50C2C04D93100437FCE /* data */ = {
			isa = PBXGroup;
			children = (
				77EBA5122C04DCAD00437FCE /* ProfilesRepository.swift */,
				77EBA5142C05001B00437FCE /* FbStorageRepository.swift */,
				77EBA51A2C052D2300437FCE /* VenuesRepository.swift */,
				774157082C0AE0AE0076C73D /* ReviewsRepository.swift */,
				7741570A2C0B1FA10076C73D /* SpecialsRepository.swift */,
			);
			path = data;
			sourceTree = "<group>";
		};
		77EBA50D2C04D93700437FCE /* extensions */ = {
			isa = PBXGroup;
			children = (
				77E3834A2A738D480084B8A6 /* Extensions.swift */,
			);
			path = extensions;
			sourceTree = "<group>";
		};
		77EBA50E2C04D94100437FCE /* services */ = {
			isa = PBXGroup;
			children = (
				774157152C0C2CF10076C73D /* LocationManager.swift */,
				77EBA5162C05082500437FCE /* ProfilesService.swift */,
				77EBA5182C052C9E00437FCE /* VenuesService.swift */,
				7741570C2C0B224E0076C73D /* SpecialsService.swift */,
				7741570E2C0B22580076C73D /* ReviewsService.swift */,
			);
			path = services;
			sourceTree = "<group>";
		};
		77EBA50F2C04D94D00437FCE /* views */ = {
			isa = PBXGroup;
			children = (
				388855112B6ED30400DB1D53 /* SecurityPrivacyView.swift */,
				3888550F2B6ED2E700DB1D53 /* LiveReviewsView.swift */,
				3888550D2B6C1E2000DB1D53 /* BunchiesView.swift */,
				77EBA5212C08AB6900437FCE /* HomeView.swift */,
				774157112C0C2AE30076C73D /* SearchView.swift */,
				77DC3ADF2B034CC9009F2B9A /* VideoPlayerHomeView.swift */,
				770AD0572A76BBC0004CA5D2 /* SignInView.swift */,
				77E3830E2A7225470084B8A6 /* ContentView.swift */,
				770AD0962A76D0BE004CA5D2 /* SettingsView.swift */,
				77EBA51C2C067EB900437FCE /* AutoScrollView.swift */,
				770AD0592A76BBCB004CA5D2 /* SignUpView.swift */,
				77EBA5272C08D69000437FCE /* FilterView.swift */,
				77EBA5292C08D6A100437FCE /* CrunchAIView.swift */,
				774157062C0A190C0076C73D /* ReviewsView.swift */,
				774157172C0FB0500076C73D /* CreateReviewOverlay.swift */,
				38D00E802C1009CD00AFCF55 /* ProfileView.swift */,
				7736A5922C1262EC00842D0D /* VenueView.swift */,
				7752C14F2C8E2ADD004E9856 /* LoopingVIdeoPlayerView.swift */,
				7752C1512C8EBF1D004E9856 /* venueTabsView.swift */,
				77B2478F2D1E8B330030ABBF /* MainView.swift */,
			);
			path = views;
			sourceTree = "<group>";
		};
		77EBA5102C04D95C00437FCE /* models */ = {
			isa = PBXGroup;
			children = (
				77B97AB42B6380F600EE6A42 /* ReviewModel.swift */,
				772D044A2B57A9780099859D /* VideoModel.swift */,
				77EBA5232C08ABA200437FCE /* NavBarTabsModel.swift */,
				77E383482A7388F50084B8A6 /* ProfileModel.swift */,
				7753346C2B4FD4630078564B /* CategoryTypeModel.swift */,
				77BC66C12B793C7B008C81EE /* LiveReviewTabsModel.swift */,
				77B97AB62B669BFB00EE6A42 /* SpecialModel.swift */,
				7753346E2B4FD5670078564B /* CategoryModel.swift */,
				77598A6B2B0FE50100C9C5F3 /* VenueModel.swift */,
				77F3E0AB2A8693DC00BC3791 /* FoodFilterModel.swift */,
				7736A5942C135F8600842D0D /* VenueModelDTO.swift */,
				7752C14D2C899256004E9856 /* SearchModel.swift */,
			);
			path = models;
			sourceTree = "<group>";
		};
		77EBA5112C04D96400437FCE /* viewModels */ = {
			isa = PBXGroup;
			children = (
				7772A01E2B67821600652687 /* ReviewsViewModel.swift */,
				7772A0192B67811400652687 /* VenuesViewModel.swift */,
				7772A0202B67822F00652687 /* SpecialsViewModel.swift */,
				77F3E0A92A860C3E00BC3791 /* ProfilesViewModel.swift */,
			);
			path = viewModels;
			sourceTree = "<group>";
		};
		77F3E0A42A8608CD00BC3791 /* utils */ = {
			isa = PBXGroup;
			children = (
				77EBA5252C08ADF500437FCE /* BottomSheetHelper.swift */,
				77E3834C2A74E36A0084B8A6 /* ViewRouter.swift */,
				770AD09A2A778AEA004CA5D2 /* HamburgerMenu.swift */,
				77E383402A7242A40084B8A6 /* SearchBar.swift */,
				77C510212B4D158C005D3EE3 /* Card.swift */,
				77F3E0A52A86092500BC3791 /* ImagePicker.swift */,
				77F3E0AD2A87A13C00BC3791 /* Header.swift */,
				77071F522AEF726A00EA3200 /* RatingView.swift */,
				77C5101E2B4BB500005D3EE3 /* RecommendationModal.swift */,
				7772A0262B6943F200652687 /* PacmanAnimation.swift */,
				7772A0282B6944B800652687 /* SpinningView.swift */,
				770BF48A2B69770100422D01 /* OffsetModifier.swift */,
				772BA6912B74922C003C08BE /* ParticleEffect.swift */,
				772BA6932B7492B6003C08BE /* Particle.swift */,
				77BC66BF2B78F8F0008C81EE /* PulsingCircle.swift */,
			);
			path = utils;
			sourceTree = "<group>";
		};
/* End PBXGroup section */

/* Begin PBXNativeTarget section */
		77E383082A7225470084B8A6 /* ProjectMunchies */ = {
			isa = PBXNativeTarget;
			buildConfigurationList = 77E3832D2A7225490084B8A6 /* Build configuration list for PBXNativeTarget "ProjectMunchies" */;
			buildPhases = (
				77E383052A7225470084B8A6 /* Sources */,
				77E383062A7225470084B8A6 /* Frameworks */,
				77E383072A7225470084B8A6 /* Resources */,
			);
			buildRules = (
			);
			dependencies = (
			);
			name = ProjectMunchies;
			packageProductDependencies = (
				770AD0602A76C1CB004CA5D2 /* FirebaseAnalytics */,
				770AD0622A76C1CB004CA5D2 /* FirebaseAnalyticsOnDeviceConversion */,
				770AD0642A76C1CB004CA5D2 /* FirebaseAnalyticsSwift */,
				770AD0662A76C1CB004CA5D2 /* FirebaseAnalyticsWithoutAdIdSupport */,
				770AD0682A76C1CB004CA5D2 /* FirebaseAppCheck */,
				770AD06A2A76C1CB004CA5D2 /* FirebaseAppDistribution-Beta */,
				770AD06C2A76C1CB004CA5D2 /* FirebaseAuth */,
				770AD06E2A76C1CB004CA5D2 /* FirebaseAuthCombine-Community */,
				770AD0702A76C1CB004CA5D2 /* FirebaseCrashlytics */,
				770AD0722A76C1CB004CA5D2 /* FirebaseDatabase */,
				770AD0742A76C1CB004CA5D2 /* FirebaseDatabaseSwift */,
				770AD0762A76C1CB004CA5D2 /* FirebaseDynamicLinks */,
				770AD0782A76C1CB004CA5D2 /* FirebaseFirestore */,
				770AD07A2A76C1CB004CA5D2 /* FirebaseFirestoreCombine-Community */,
				770AD07C2A76C1CB004CA5D2 /* FirebaseFirestoreSwift */,
				770AD07E2A76C1CB004CA5D2 /* FirebaseFunctions */,
				770AD0802A76C1CB004CA5D2 /* FirebaseFunctionsCombine-Community */,
				770AD0822A76C1CB004CA5D2 /* FirebaseInAppMessaging-Beta */,
				770AD0842A76C1CB004CA5D2 /* FirebaseInAppMessagingSwift-Beta */,
				770AD0862A76C1CB004CA5D2 /* FirebaseInstallations */,
				770AD0882A76C1CB004CA5D2 /* FirebaseMLModelDownloader */,
				770AD08A2A76C1CB004CA5D2 /* FirebaseMessaging */,
				770AD08C2A76C1CB004CA5D2 /* FirebasePerformance */,
				770AD08E2A76C1CB004CA5D2 /* FirebaseRemoteConfig */,
				770AD0902A76C1CB004CA5D2 /* FirebaseRemoteConfigSwift */,
				770AD0922A76C1CB004CA5D2 /* FirebaseStorage */,
				770AD0942A76C1CB004CA5D2 /* FirebaseStorageCombine-Community */,
				77DC3AE22B051CA4009F2B9A /* YouTubePlayerKit */,
			);
			productName = ProjectMunchies;
			productReference = 77E383092A7225470084B8A6 /* ProjectMunchies.app */;
			productType = "com.apple.product-type.application";
		};
		77E383182A7225490084B8A6 /* ProjectMunchiesTests */ = {
			isa = PBXNativeTarget;
			buildConfigurationList = 77E383302A7225490084B8A6 /* Build configuration list for PBXNativeTarget "ProjectMunchiesTests" */;
			buildPhases = (
				77E383152A7225490084B8A6 /* Sources */,
				77E383162A7225490084B8A6 /* Frameworks */,
				77E383172A7225490084B8A6 /* Resources */,
			);
			buildRules = (
			);
			dependencies = (
				77E3831B2A7225490084B8A6 /* PBXTargetDependency */,
			);
			name = ProjectMunchiesTests;
			productName = ProjectMunchiesTests;
			productReference = 77E383192A7225490084B8A6 /* ProjectMunchiesTests.xctest */;
			productType = "com.apple.product-type.bundle.unit-test";
		};
		77E383222A7225490084B8A6 /* ProjectMunchiesUITests */ = {
			isa = PBXNativeTarget;
			buildConfigurationList = 77E383332A7225490084B8A6 /* Build configuration list for PBXNativeTarget "ProjectMunchiesUITests" */;
			buildPhases = (
				77E3831F2A7225490084B8A6 /* Sources */,
				77E383202A7225490084B8A6 /* Frameworks */,
				77E383212A7225490084B8A6 /* Resources */,
			);
			buildRules = (
			);
			dependencies = (
				77E383252A7225490084B8A6 /* PBXTargetDependency */,
			);
			name = ProjectMunchiesUITests;
			productName = ProjectMunchiesUITests;
			productReference = 77E383232A7225490084B8A6 /* ProjectMunchiesUITests.xctest */;
			productType = "com.apple.product-type.bundle.ui-testing";
		};
/* End PBXNativeTarget section */

/* Begin PBXProject section */
		77E383012A7225470084B8A6 /* Project object */ = {
			isa = PBXProject;
			attributes = {
				BuildIndependentTargetsInParallel = 1;
				LastSwiftUpdateCheck = 1410;
				LastUpgradeCheck = 1410;
				TargetAttributes = {
					77E383082A7225470084B8A6 = {
						CreatedOnToolsVersion = 14.1;
					};
					77E383182A7225490084B8A6 = {
						CreatedOnToolsVersion = 14.1;
						TestTargetID = 77E383082A7225470084B8A6;
					};
					77E383222A7225490084B8A6 = {
						CreatedOnToolsVersion = 14.1;
						TestTargetID = 77E383082A7225470084B8A6;
					};
				};
			};
			buildConfigurationList = 77E383042A7225470084B8A6 /* Build configuration list for PBXProject "ProjectMunchies" */;
			compatibilityVersion = "Xcode 14.0";
			developmentRegion = en;
			hasScannedForEncodings = 0;
			knownRegions = (
				en,
				Base,
			);
			mainGroup = 77E383002A7225470084B8A6;
			packageReferences = (
				770AD05F2A76C1CB004CA5D2 /* XCRemoteSwiftPackageReference "firebase-ios-sdk" */,
				77DC3AE12B051CA4009F2B9A /* XCRemoteSwiftPackageReference "YouTubePlayerKit" */,
			);
			productRefGroup = 77E3830A2A7225470084B8A6 /* Products */;
			projectDirPath = "";
			projectRoot = "";
			targets = (
				77E383082A7225470084B8A6 /* ProjectMunchies */,
				77E383182A7225490084B8A6 /* ProjectMunchiesTests */,
				77E383222A7225490084B8A6 /* ProjectMunchiesUITests */,
			);
		};
/* End PBXProject section */

/* Begin PBXResourcesBuildPhase section */
		77E383072A7225470084B8A6 /* Resources */ = {
			isa = PBXResourcesBuildPhase;
			buildActionMask = 2147483647;
			files = (
				77DC3AE52B064ECB009F2B9A /* exampleMp4.mp4 in Resources */,
				77E383142A7225490084B8A6 /* Preview Assets.xcassets in Resources */,
				77E383112A7225490084B8A6 /* Assets.xcassets in Resources */,
				770AD05C2A76C0F1004CA5D2 /* GoogleService-Info.plist in Resources */,
			);
			runOnlyForDeploymentPostprocessing = 0;
		};
		77E383172A7225490084B8A6 /* Resources */ = {
			isa = PBXResourcesBuildPhase;
			buildActionMask = 2147483647;
			files = (
				770AD05D2A76C0F1004CA5D2 /* GoogleService-Info.plist in Resources */,
			);
			runOnlyForDeploymentPostprocessing = 0;
		};
		77E383212A7225490084B8A6 /* Resources */ = {
			isa = PBXResourcesBuildPhase;
			buildActionMask = 2147483647;
			files = (
				770AD05E2A76C0F1004CA5D2 /* GoogleService-Info.plist in Resources */,
			);
			runOnlyForDeploymentPostprocessing = 0;
		};
/* End PBXResourcesBuildPhase section */

/* Begin PBXSourcesBuildPhase section */
		77E383052A7225470084B8A6 /* Sources */ = {
			isa = PBXSourcesBuildPhase;
			buildActionMask = 2147483647;
			files = (
				7752C1522C8EBF1D004E9856 /* venueTabsView.swift in Sources */,
				77B247902D1E8B330030ABBF /* MainView.swift in Sources */,
				7752C1502C8E2ADD004E9856 /* LoopingVIdeoPlayerView.swift in Sources */,
				7753346F2B4FD5670078564B /* CategoryModel.swift in Sources */,
				3888550E2B6C1E2000DB1D53 /* BunchiesView.swift in Sources */,
				7772A0292B6944B800652687 /* SpinningView.swift in Sources */,
				7772A01F2B67821600652687 /* ReviewsViewModel.swift in Sources */,
				770BF48B2B69770100422D01 /* OffsetModifier.swift in Sources */,
				774157162C0C2CF10076C73D /* LocationManager.swift in Sources */,
				77E383492A7388F50084B8A6 /* ProfileModel.swift in Sources */,
				77EBA5282C08D69000437FCE /* FilterView.swift in Sources */,
				770AD09B2A778AEA004CA5D2 /* HamburgerMenu.swift in Sources */,
				77EBA52A2C08D6A100437FCE /* CrunchAIView.swift in Sources */,
				77EBA5262C08ADF500437FCE /* BottomSheetHelper.swift in Sources */,
				77EBA5192C052C9E00437FCE /* VenuesService.swift in Sources */,
				7752C14E2C899256004E9856 /* SearchModel.swift in Sources */,
				77EBA51B2C052D2300437FCE /* VenuesRepository.swift in Sources */,
				77598A6C2B0FE50100C9C5F3 /* VenueModel.swift in Sources */,
				77F3E0AA2A860C3E00BC3791 /* ProfilesViewModel.swift in Sources */,
				774157182C0FB0500076C73D /* CreateReviewOverlay.swift in Sources */,
				774157092C0AE0AE0076C73D /* ReviewsRepository.swift in Sources */,
				770AD0972A76D0BE004CA5D2 /* SettingsView.swift in Sources */,
				7753346D2B4FD4630078564B /* CategoryTypeModel.swift in Sources */,
				77EBA51D2C067EB900437FCE /* AutoScrollView.swift in Sources */,
				77E3834D2A74E36A0084B8A6 /* ViewRouter.swift in Sources */,
				77F3E0A62A86092500BC3791 /* ImagePicker.swift in Sources */,
				7741570F2C0B22580076C73D /* ReviewsService.swift in Sources */,
				77EBA5172C05082500437FCE /* ProfilesService.swift in Sources */,
				77C5101F2B4BB500005D3EE3 /* RecommendationModal.swift in Sources */,
				77DC3AE02B034CC9009F2B9A /* VideoPlayerHomeView.swift in Sources */,
				388855102B6ED2E700DB1D53 /* LiveReviewsView.swift in Sources */,
				77E3830F2A7225470084B8A6 /* ContentView.swift in Sources */,
				772BA6942B7492B6003C08BE /* Particle.swift in Sources */,
				772D044B2B57A9780099859D /* VideoModel.swift in Sources */,
				774157072C0A190C0076C73D /* ReviewsView.swift in Sources */,
				77EBA5222C08AB6900437FCE /* HomeView.swift in Sources */,
				77EBA5132C04DCAD00437FCE /* ProfilesRepository.swift in Sources */,
				77EBA5242C08ABA200437FCE /* NavBarTabsModel.swift in Sources */,
				7772A01A2B67811400652687 /* VenuesViewModel.swift in Sources */,
				77E3834B2A738D480084B8A6 /* Extensions.swift in Sources */,
				77F3E0AE2A87A13C00BC3791 /* Header.swift in Sources */,
				7741570D2C0B224E0076C73D /* SpecialsService.swift in Sources */,
				77071F532AEF726A00EA3200 /* RatingView.swift in Sources */,
				7736A5932C1262EC00842D0D /* VenueView.swift in Sources */,
				77F3E0AC2A8693DC00BC3791 /* FoodFilterModel.swift in Sources */,
				38D00E812C1009CD00AFCF55 /* ProfileView.swift in Sources */,
				7772A0212B67822F00652687 /* SpecialsViewModel.swift in Sources */,
				77C510222B4D158C005D3EE3 /* Card.swift in Sources */,
				77E383412A7242A40084B8A6 /* SearchBar.swift in Sources */,
				7736A5952C135F8600842D0D /* VenueModelDTO.swift in Sources */,
				77B97AB72B669BFB00EE6A42 /* SpecialModel.swift in Sources */,
				770AD05A2A76BBCB004CA5D2 /* SignUpView.swift in Sources */,
				772BA6922B74922C003C08BE /* ParticleEffect.swift in Sources */,
				77E3830D2A7225470084B8A6 /* ProjectMunchiesApp.swift in Sources */,
				7741570B2C0B1FA10076C73D /* SpecialsRepository.swift in Sources */,
				77BC66C02B78F8F0008C81EE /* PulsingCircle.swift in Sources */,
				77EBA5152C05001B00437FCE /* FbStorageRepository.swift in Sources */,
				388855122B6ED30400DB1D53 /* SecurityPrivacyView.swift in Sources */,
				770AD0582A76BBC0004CA5D2 /* SignInView.swift in Sources */,
				774157122C0C2AE30076C73D /* SearchView.swift in Sources */,
				77B97AB52B6380F600EE6A42 /* ReviewModel.swift in Sources */,
				77BC66C22B793C7B008C81EE /* LiveReviewTabsModel.swift in Sources */,
				7772A0272B6943F200652687 /* PacmanAnimation.swift in Sources */,
			);
			runOnlyForDeploymentPostprocessing = 0;
		};
		77E383152A7225490084B8A6 /* Sources */ = {
			isa = PBXSourcesBuildPhase;
			buildActionMask = 2147483647;
			files = (
				77E3831E2A7225490084B8A6 /* ProjectMunchiesTests.swift in Sources */,
			);
			runOnlyForDeploymentPostprocessing = 0;
		};
		77E3831F2A7225490084B8A6 /* Sources */ = {
			isa = PBXSourcesBuildPhase;
			buildActionMask = 2147483647;
			files = (
				77E3832A2A7225490084B8A6 /* ProjectMunchiesUITestsLaunchTests.swift in Sources */,
				77E383282A7225490084B8A6 /* ProjectMunchiesUITests.swift in Sources */,
			);
			runOnlyForDeploymentPostprocessing = 0;
		};
/* End PBXSourcesBuildPhase section */

/* Begin PBXTargetDependency section */
		77E3831B2A7225490084B8A6 /* PBXTargetDependency */ = {
			isa = PBXTargetDependency;
			target = 77E383082A7225470084B8A6 /* ProjectMunchies */;
			targetProxy = 77E3831A2A7225490084B8A6 /* PBXContainerItemProxy */;
		};
		77E383252A7225490084B8A6 /* PBXTargetDependency */ = {
			isa = PBXTargetDependency;
			target = 77E383082A7225470084B8A6 /* ProjectMunchies */;
			targetProxy = 77E383242A7225490084B8A6 /* PBXContainerItemProxy */;
		};
/* End PBXTargetDependency section */

/* Begin XCBuildConfiguration section */
		77E3832B2A7225490084B8A6 /* Debug */ = {
			isa = XCBuildConfiguration;
			buildSettings = {
				ALWAYS_SEARCH_USER_PATHS = NO;
				CLANG_ANALYZER_NONNULL = YES;
				CLANG_ANALYZER_NUMBER_OBJECT_CONVERSION = YES_AGGRESSIVE;
				CLANG_CXX_LANGUAGE_STANDARD = "gnu++20";
				CLANG_ENABLE_MODULES = YES;
				CLANG_ENABLE_OBJC_ARC = YES;
				CLANG_ENABLE_OBJC_WEAK = YES;
				CLANG_WARN_BLOCK_CAPTURE_AUTORELEASING = YES;
				CLANG_WARN_BOOL_CONVERSION = YES;
				CLANG_WARN_COMMA = YES;
				CLANG_WARN_CONSTANT_CONVERSION = YES;
				CLANG_WARN_DEPRECATED_OBJC_IMPLEMENTATIONS = YES;
				CLANG_WARN_DIRECT_OBJC_ISA_USAGE = YES_ERROR;
				CLANG_WARN_DOCUMENTATION_COMMENTS = YES;
				CLANG_WARN_EMPTY_BODY = YES;
				CLANG_WARN_ENUM_CONVERSION = YES;
				CLANG_WARN_INFINITE_RECURSION = YES;
				CLANG_WARN_INT_CONVERSION = YES;
				CLANG_WARN_NON_LITERAL_NULL_CONVERSION = YES;
				CLANG_WARN_OBJC_IMPLICIT_RETAIN_SELF = YES;
				CLANG_WARN_OBJC_LITERAL_CONVERSION = YES;
				CLANG_WARN_OBJC_ROOT_CLASS = YES_ERROR;
				CLANG_WARN_QUOTED_INCLUDE_IN_FRAMEWORK_HEADER = YES;
				CLANG_WARN_RANGE_LOOP_ANALYSIS = YES;
				CLANG_WARN_STRICT_PROTOTYPES = YES;
				CLANG_WARN_SUSPICIOUS_MOVE = YES;
				CLANG_WARN_UNGUARDED_AVAILABILITY = YES_AGGRESSIVE;
				CLANG_WARN_UNREACHABLE_CODE = YES;
				CLANG_WARN__DUPLICATE_METHOD_MATCH = YES;
				COPY_PHASE_STRIP = NO;
				DEBUG_INFORMATION_FORMAT = dwarf;
				ENABLE_STRICT_OBJC_MSGSEND = YES;
				ENABLE_TESTABILITY = YES;
				GCC_C_LANGUAGE_STANDARD = gnu11;
				GCC_DYNAMIC_NO_PIC = NO;
				GCC_NO_COMMON_BLOCKS = YES;
				GCC_OPTIMIZATION_LEVEL = 0;
				GCC_PREPROCESSOR_DEFINITIONS = (
					"DEBUG=1",
					"$(inherited)",
				);
				GCC_WARN_64_TO_32_BIT_CONVERSION = YES;
				GCC_WARN_ABOUT_RETURN_TYPE = YES_ERROR;
				GCC_WARN_UNDECLARED_SELECTOR = YES;
				GCC_WARN_UNINITIALIZED_AUTOS = YES_AGGRESSIVE;
				GCC_WARN_UNUSED_FUNCTION = YES;
				GCC_WARN_UNUSED_VARIABLE = YES;
				IPHONEOS_DEPLOYMENT_TARGET = 17.0;
				MTL_ENABLE_DEBUG_INFO = INCLUDE_SOURCE;
				MTL_FAST_MATH = YES;
				ONLY_ACTIVE_ARCH = YES;
				SDKROOT = iphoneos;
				SWIFT_ACTIVE_COMPILATION_CONDITIONS = DEBUG;
				SWIFT_OPTIMIZATION_LEVEL = "-Onone";
			};
			name = Debug;
		};
		77E3832C2A7225490084B8A6 /* Release */ = {
			isa = XCBuildConfiguration;
			buildSettings = {
				ALWAYS_SEARCH_USER_PATHS = NO;
				CLANG_ANALYZER_NONNULL = YES;
				CLANG_ANALYZER_NUMBER_OBJECT_CONVERSION = YES_AGGRESSIVE;
				CLANG_CXX_LANGUAGE_STANDARD = "gnu++20";
				CLANG_ENABLE_MODULES = YES;
				CLANG_ENABLE_OBJC_ARC = YES;
				CLANG_ENABLE_OBJC_WEAK = YES;
				CLANG_WARN_BLOCK_CAPTURE_AUTORELEASING = YES;
				CLANG_WARN_BOOL_CONVERSION = YES;
				CLANG_WARN_COMMA = YES;
				CLANG_WARN_CONSTANT_CONVERSION = YES;
				CLANG_WARN_DEPRECATED_OBJC_IMPLEMENTATIONS = YES;
				CLANG_WARN_DIRECT_OBJC_ISA_USAGE = YES_ERROR;
				CLANG_WARN_DOCUMENTATION_COMMENTS = YES;
				CLANG_WARN_EMPTY_BODY = YES;
				CLANG_WARN_ENUM_CONVERSION = YES;
				CLANG_WARN_INFINITE_RECURSION = YES;
				CLANG_WARN_INT_CONVERSION = YES;
				CLANG_WARN_NON_LITERAL_NULL_CONVERSION = YES;
				CLANG_WARN_OBJC_IMPLICIT_RETAIN_SELF = YES;
				CLANG_WARN_OBJC_LITERAL_CONVERSION = YES;
				CLANG_WARN_OBJC_ROOT_CLASS = YES_ERROR;
				CLANG_WARN_QUOTED_INCLUDE_IN_FRAMEWORK_HEADER = YES;
				CLANG_WARN_RANGE_LOOP_ANALYSIS = YES;
				CLANG_WARN_STRICT_PROTOTYPES = YES;
				CLANG_WARN_SUSPICIOUS_MOVE = YES;
				CLANG_WARN_UNGUARDED_AVAILABILITY = YES_AGGRESSIVE;
				CLANG_WARN_UNREACHABLE_CODE = YES;
				CLANG_WARN__DUPLICATE_METHOD_MATCH = YES;
				COPY_PHASE_STRIP = NO;
				DEBUG_INFORMATION_FORMAT = "dwarf-with-dsym";
				ENABLE_NS_ASSERTIONS = NO;
				ENABLE_STRICT_OBJC_MSGSEND = YES;
				GCC_C_LANGUAGE_STANDARD = gnu11;
				GCC_NO_COMMON_BLOCKS = YES;
				GCC_WARN_64_TO_32_BIT_CONVERSION = YES;
				GCC_WARN_ABOUT_RETURN_TYPE = YES_ERROR;
				GCC_WARN_UNDECLARED_SELECTOR = YES;
				GCC_WARN_UNINITIALIZED_AUTOS = YES_AGGRESSIVE;
				GCC_WARN_UNUSED_FUNCTION = YES;
				GCC_WARN_UNUSED_VARIABLE = YES;
				IPHONEOS_DEPLOYMENT_TARGET = 17.0;
				MTL_ENABLE_DEBUG_INFO = NO;
				MTL_FAST_MATH = YES;
				SDKROOT = iphoneos;
				SWIFT_COMPILATION_MODE = wholemodule;
				SWIFT_OPTIMIZATION_LEVEL = "-O";
				VALIDATE_PRODUCT = YES;
			};
			name = Release;
		};
		77E3832E2A7225490084B8A6 /* Debug */ = {
			isa = XCBuildConfiguration;
			buildSettings = {
				ASSETCATALOG_COMPILER_APPICON_NAME = AppIcon;
				ASSETCATALOG_COMPILER_GLOBAL_ACCENT_COLOR_NAME = AccentColor;
				ASSETCATALOG_COMPILER_INCLUDE_ALL_APPICON_ASSETS = YES;
				CODE_SIGN_STYLE = Automatic;
				CURRENT_PROJECT_VERSION = 1;
				DEVELOPMENT_ASSET_PATHS = "\"ProjectMunchies/Preview Content\"";
				DEVELOPMENT_TEAM = D2P5JTGM3J;
				ENABLE_PREVIEWS = YES;
				GENERATE_INFOPLIST_FILE = YES;
				INFOPLIST_FILE = ProjectMunchies/Info.plist;
				INFOPLIST_KEY_CFBundleDisplayName = CrunchBunch;
				INFOPLIST_KEY_LSApplicationCategoryType = "public.app-category.food-and-drink";
				INFOPLIST_KEY_NSLocationWhenInUseUsageDescription = "";
				INFOPLIST_KEY_UIApplicationSceneManifest_Generation = YES;
				INFOPLIST_KEY_UIApplicationSupportsIndirectInputEvents = YES;
				INFOPLIST_KEY_UILaunchScreen_Generation = YES;
				INFOPLIST_KEY_UIRequiresFullScreen = YES;
				INFOPLIST_KEY_UIStatusBarStyle = "";
				INFOPLIST_KEY_UISupportedInterfaceOrientations = UIInterfaceOrientationPortrait;
				INFOPLIST_KEY_UISupportedInterfaceOrientations_iPad = "UIInterfaceOrientationPortrait UIInterfaceOrientationPortraitUpsideDown";
				IPHONEOS_DEPLOYMENT_TARGET = 17.0;
				LD_RUNPATH_SEARCH_PATHS = (
					"$(inherited)",
					"@executable_path/Frameworks",
				);
				MARKETING_VERSION = 1.1.5;
				PRODUCT_BUNDLE_IDENTIFIER = com.dotz3r0.ProjectMunchies;
				PRODUCT_NAME = "$(TARGET_NAME)";
				SWIFT_EMIT_LOC_STRINGS = YES;
				SWIFT_VERSION = 5.0;
				TARGETED_DEVICE_FAMILY = "1,2";
			};
			name = Debug;
		};
		77E3832F2A7225490084B8A6 /* Release */ = {
			isa = XCBuildConfiguration;
			buildSettings = {
				ASSETCATALOG_COMPILER_APPICON_NAME = AppIcon;
				ASSETCATALOG_COMPILER_GLOBAL_ACCENT_COLOR_NAME = AccentColor;
				ASSETCATALOG_COMPILER_INCLUDE_ALL_APPICON_ASSETS = YES;
				CODE_SIGN_STYLE = Automatic;
				CURRENT_PROJECT_VERSION = 1;
				DEVELOPMENT_ASSET_PATHS = "\"ProjectMunchies/Preview Content\"";
				DEVELOPMENT_TEAM = D2P5JTGM3J;
				ENABLE_PREVIEWS = YES;
				GENERATE_INFOPLIST_FILE = YES;
				INFOPLIST_FILE = ProjectMunchies/Info.plist;
				INFOPLIST_KEY_CFBundleDisplayName = CrunchBunch;
				INFOPLIST_KEY_LSApplicationCategoryType = "public.app-category.food-and-drink";
				INFOPLIST_KEY_NSLocationWhenInUseUsageDescription = "";
				INFOPLIST_KEY_UIApplicationSceneManifest_Generation = YES;
				INFOPLIST_KEY_UIApplicationSupportsIndirectInputEvents = YES;
				INFOPLIST_KEY_UILaunchScreen_Generation = YES;
				INFOPLIST_KEY_UIRequiresFullScreen = YES;
				INFOPLIST_KEY_UIStatusBarStyle = "";
				INFOPLIST_KEY_UISupportedInterfaceOrientations = UIInterfaceOrientationPortrait;
				INFOPLIST_KEY_UISupportedInterfaceOrientations_iPad = "UIInterfaceOrientationPortrait UIInterfaceOrientationPortraitUpsideDown";
				IPHONEOS_DEPLOYMENT_TARGET = 17.0;
				LD_RUNPATH_SEARCH_PATHS = (
					"$(inherited)",
					"@executable_path/Frameworks",
				);
				MARKETING_VERSION = 1.1.5;
				PRODUCT_BUNDLE_IDENTIFIER = com.dotz3r0.ProjectMunchies;
				PRODUCT_NAME = "$(TARGET_NAME)";
				SWIFT_EMIT_LOC_STRINGS = YES;
				SWIFT_VERSION = 5.0;
				TARGETED_DEVICE_FAMILY = "1,2";
			};
			name = Release;
		};
		77E383312A7225490084B8A6 /* Debug */ = {
			isa = XCBuildConfiguration;
			buildSettings = {
				ALWAYS_EMBED_SWIFT_STANDARD_LIBRARIES = YES;
				BUNDLE_LOADER = "$(TEST_HOST)";
				CODE_SIGN_STYLE = Automatic;
				CURRENT_PROJECT_VERSION = 1;
				DEVELOPMENT_TEAM = D2P5JTGM3J;
				GENERATE_INFOPLIST_FILE = YES;
				IPHONEOS_DEPLOYMENT_TARGET = 17.0;
				MARKETING_VERSION = 1.0;
				PRODUCT_BUNDLE_IDENTIFIER = com.dotz3r0.ProjectMunchiesTests;
				PRODUCT_NAME = "$(TARGET_NAME)";
				SWIFT_EMIT_LOC_STRINGS = NO;
				SWIFT_VERSION = 5.0;
				TARGETED_DEVICE_FAMILY = "1,2";
				TEST_HOST = "$(BUILT_PRODUCTS_DIR)/ProjectMunchies.app/$(BUNDLE_EXECUTABLE_FOLDER_PATH)/ProjectMunchies";
			};
			name = Debug;
		};
		77E383322A7225490084B8A6 /* Release */ = {
			isa = XCBuildConfiguration;
			buildSettings = {
				ALWAYS_EMBED_SWIFT_STANDARD_LIBRARIES = YES;
				BUNDLE_LOADER = "$(TEST_HOST)";
				CODE_SIGN_STYLE = Automatic;
				CURRENT_PROJECT_VERSION = 1;
				DEVELOPMENT_TEAM = D2P5JTGM3J;
				GENERATE_INFOPLIST_FILE = YES;
				IPHONEOS_DEPLOYMENT_TARGET = 17.0;
				MARKETING_VERSION = 1.0;
				PRODUCT_BUNDLE_IDENTIFIER = com.dotz3r0.ProjectMunchiesTests;
				PRODUCT_NAME = "$(TARGET_NAME)";
				SWIFT_EMIT_LOC_STRINGS = NO;
				SWIFT_VERSION = 5.0;
				TARGETED_DEVICE_FAMILY = "1,2";
				TEST_HOST = "$(BUILT_PRODUCTS_DIR)/ProjectMunchies.app/$(BUNDLE_EXECUTABLE_FOLDER_PATH)/ProjectMunchies";
			};
			name = Release;
		};
		77E383342A7225490084B8A6 /* Debug */ = {
			isa = XCBuildConfiguration;
			buildSettings = {
				ALWAYS_EMBED_SWIFT_STANDARD_LIBRARIES = YES;
				CODE_SIGN_STYLE = Automatic;
				CURRENT_PROJECT_VERSION = 1;
				DEVELOPMENT_TEAM = D2P5JTGM3J;
				GENERATE_INFOPLIST_FILE = YES;
				MARKETING_VERSION = 1.0;
				PRODUCT_BUNDLE_IDENTIFIER = com.dotz3r0.ProjectMunchiesUITests;
				PRODUCT_NAME = "$(TARGET_NAME)";
				SWIFT_EMIT_LOC_STRINGS = NO;
				SWIFT_VERSION = 5.0;
				TARGETED_DEVICE_FAMILY = "1,2";
				TEST_TARGET_NAME = ProjectMunchies;
			};
			name = Debug;
		};
		77E383352A7225490084B8A6 /* Release */ = {
			isa = XCBuildConfiguration;
			buildSettings = {
				ALWAYS_EMBED_SWIFT_STANDARD_LIBRARIES = YES;
				CODE_SIGN_STYLE = Automatic;
				CURRENT_PROJECT_VERSION = 1;
				DEVELOPMENT_TEAM = D2P5JTGM3J;
				GENERATE_INFOPLIST_FILE = YES;
				MARKETING_VERSION = 1.0;
				PRODUCT_BUNDLE_IDENTIFIER = com.dotz3r0.ProjectMunchiesUITests;
				PRODUCT_NAME = "$(TARGET_NAME)";
				SWIFT_EMIT_LOC_STRINGS = NO;
				SWIFT_VERSION = 5.0;
				TARGETED_DEVICE_FAMILY = "1,2";
				TEST_TARGET_NAME = ProjectMunchies;
			};
			name = Release;
		};
/* End XCBuildConfiguration section */

/* Begin XCConfigurationList section */
		77E383042A7225470084B8A6 /* Build configuration list for PBXProject "ProjectMunchies" */ = {
			isa = XCConfigurationList;
			buildConfigurations = (
				77E3832B2A7225490084B8A6 /* Debug */,
				77E3832C2A7225490084B8A6 /* Release */,
			);
			defaultConfigurationIsVisible = 0;
			defaultConfigurationName = Release;
		};
		77E3832D2A7225490084B8A6 /* Build configuration list for PBXNativeTarget "ProjectMunchies" */ = {
			isa = XCConfigurationList;
			buildConfigurations = (
				77E3832E2A7225490084B8A6 /* Debug */,
				77E3832F2A7225490084B8A6 /* Release */,
			);
			defaultConfigurationIsVisible = 0;
			defaultConfigurationName = Release;
		};
		77E383302A7225490084B8A6 /* Build configuration list for PBXNativeTarget "ProjectMunchiesTests" */ = {
			isa = XCConfigurationList;
			buildConfigurations = (
				77E383312A7225490084B8A6 /* Debug */,
				77E383322A7225490084B8A6 /* Release */,
			);
			defaultConfigurationIsVisible = 0;
			defaultConfigurationName = Release;
		};
		77E383332A7225490084B8A6 /* Build configuration list for PBXNativeTarget "ProjectMunchiesUITests" */ = {
			isa = XCConfigurationList;
			buildConfigurations = (
				77E383342A7225490084B8A6 /* Debug */,
				77E383352A7225490084B8A6 /* Release */,
			);
			defaultConfigurationIsVisible = 0;
			defaultConfigurationName = Release;
		};
/* End XCConfigurationList section */

/* Begin XCRemoteSwiftPackageReference section */
		770AD05F2A76C1CB004CA5D2 /* XCRemoteSwiftPackageReference "firebase-ios-sdk" */ = {
			isa = XCRemoteSwiftPackageReference;
			repositoryURL = "https://github.com/firebase/firebase-ios-sdk";
			requirement = {
				kind = upToNextMajorVersion;
				minimumVersion = 10.0.0;
			};
		};
		77DC3AE12B051CA4009F2B9A /* XCRemoteSwiftPackageReference "YouTubePlayerKit" */ = {
			isa = XCRemoteSwiftPackageReference;
			repositoryURL = "https://github.com/SvenTiigi/YouTubePlayerKit.git";
			requirement = {
				kind = upToNextMajorVersion;
				minimumVersion = 1.0.0;
			};
		};
/* End XCRemoteSwiftPackageReference section */

/* Begin XCSwiftPackageProductDependency section */
		770AD0602A76C1CB004CA5D2 /* FirebaseAnalytics */ = {
			isa = XCSwiftPackageProductDependency;
			package = 770AD05F2A76C1CB004CA5D2 /* XCRemoteSwiftPackageReference "firebase-ios-sdk" */;
			productName = FirebaseAnalytics;
		};
		770AD0622A76C1CB004CA5D2 /* FirebaseAnalyticsOnDeviceConversion */ = {
			isa = XCSwiftPackageProductDependency;
			package = 770AD05F2A76C1CB004CA5D2 /* XCRemoteSwiftPackageReference "firebase-ios-sdk" */;
			productName = FirebaseAnalyticsOnDeviceConversion;
		};
		770AD0642A76C1CB004CA5D2 /* FirebaseAnalyticsSwift */ = {
			isa = XCSwiftPackageProductDependency;
			package = 770AD05F2A76C1CB004CA5D2 /* XCRemoteSwiftPackageReference "firebase-ios-sdk" */;
			productName = FirebaseAnalyticsSwift;
		};
		770AD0662A76C1CB004CA5D2 /* FirebaseAnalyticsWithoutAdIdSupport */ = {
			isa = XCSwiftPackageProductDependency;
			package = 770AD05F2A76C1CB004CA5D2 /* XCRemoteSwiftPackageReference "firebase-ios-sdk" */;
			productName = FirebaseAnalyticsWithoutAdIdSupport;
		};
		770AD0682A76C1CB004CA5D2 /* FirebaseAppCheck */ = {
			isa = XCSwiftPackageProductDependency;
			package = 770AD05F2A76C1CB004CA5D2 /* XCRemoteSwiftPackageReference "firebase-ios-sdk" */;
			productName = FirebaseAppCheck;
		};
		770AD06A2A76C1CB004CA5D2 /* FirebaseAppDistribution-Beta */ = {
			isa = XCSwiftPackageProductDependency;
			package = 770AD05F2A76C1CB004CA5D2 /* XCRemoteSwiftPackageReference "firebase-ios-sdk" */;
			productName = "FirebaseAppDistribution-Beta";
		};
		770AD06C2A76C1CB004CA5D2 /* FirebaseAuth */ = {
			isa = XCSwiftPackageProductDependency;
			package = 770AD05F2A76C1CB004CA5D2 /* XCRemoteSwiftPackageReference "firebase-ios-sdk" */;
			productName = FirebaseAuth;
		};
		770AD06E2A76C1CB004CA5D2 /* FirebaseAuthCombine-Community */ = {
			isa = XCSwiftPackageProductDependency;
			package = 770AD05F2A76C1CB004CA5D2 /* XCRemoteSwiftPackageReference "firebase-ios-sdk" */;
			productName = "FirebaseAuthCombine-Community";
		};
		770AD0702A76C1CB004CA5D2 /* FirebaseCrashlytics */ = {
			isa = XCSwiftPackageProductDependency;
			package = 770AD05F2A76C1CB004CA5D2 /* XCRemoteSwiftPackageReference "firebase-ios-sdk" */;
			productName = FirebaseCrashlytics;
		};
		770AD0722A76C1CB004CA5D2 /* FirebaseDatabase */ = {
			isa = XCSwiftPackageProductDependency;
			package = 770AD05F2A76C1CB004CA5D2 /* XCRemoteSwiftPackageReference "firebase-ios-sdk" */;
			productName = FirebaseDatabase;
		};
		770AD0742A76C1CB004CA5D2 /* FirebaseDatabaseSwift */ = {
			isa = XCSwiftPackageProductDependency;
			package = 770AD05F2A76C1CB004CA5D2 /* XCRemoteSwiftPackageReference "firebase-ios-sdk" */;
			productName = FirebaseDatabaseSwift;
		};
		770AD0762A76C1CB004CA5D2 /* FirebaseDynamicLinks */ = {
			isa = XCSwiftPackageProductDependency;
			package = 770AD05F2A76C1CB004CA5D2 /* XCRemoteSwiftPackageReference "firebase-ios-sdk" */;
			productName = FirebaseDynamicLinks;
		};
		770AD0782A76C1CB004CA5D2 /* FirebaseFirestore */ = {
			isa = XCSwiftPackageProductDependency;
			package = 770AD05F2A76C1CB004CA5D2 /* XCRemoteSwiftPackageReference "firebase-ios-sdk" */;
			productName = FirebaseFirestore;
		};
		770AD07A2A76C1CB004CA5D2 /* FirebaseFirestoreCombine-Community */ = {
			isa = XCSwiftPackageProductDependency;
			package = 770AD05F2A76C1CB004CA5D2 /* XCRemoteSwiftPackageReference "firebase-ios-sdk" */;
			productName = "FirebaseFirestoreCombine-Community";
		};
		770AD07C2A76C1CB004CA5D2 /* FirebaseFirestoreSwift */ = {
			isa = XCSwiftPackageProductDependency;
			package = 770AD05F2A76C1CB004CA5D2 /* XCRemoteSwiftPackageReference "firebase-ios-sdk" */;
			productName = FirebaseFirestoreSwift;
		};
		770AD07E2A76C1CB004CA5D2 /* FirebaseFunctions */ = {
			isa = XCSwiftPackageProductDependency;
			package = 770AD05F2A76C1CB004CA5D2 /* XCRemoteSwiftPackageReference "firebase-ios-sdk" */;
			productName = FirebaseFunctions;
		};
		770AD0802A76C1CB004CA5D2 /* FirebaseFunctionsCombine-Community */ = {
			isa = XCSwiftPackageProductDependency;
			package = 770AD05F2A76C1CB004CA5D2 /* XCRemoteSwiftPackageReference "firebase-ios-sdk" */;
			productName = "FirebaseFunctionsCombine-Community";
		};
		770AD0822A76C1CB004CA5D2 /* FirebaseInAppMessaging-Beta */ = {
			isa = XCSwiftPackageProductDependency;
			package = 770AD05F2A76C1CB004CA5D2 /* XCRemoteSwiftPackageReference "firebase-ios-sdk" */;
			productName = "FirebaseInAppMessaging-Beta";
		};
		770AD0842A76C1CB004CA5D2 /* FirebaseInAppMessagingSwift-Beta */ = {
			isa = XCSwiftPackageProductDependency;
			package = 770AD05F2A76C1CB004CA5D2 /* XCRemoteSwiftPackageReference "firebase-ios-sdk" */;
			productName = "FirebaseInAppMessagingSwift-Beta";
		};
		770AD0862A76C1CB004CA5D2 /* FirebaseInstallations */ = {
			isa = XCSwiftPackageProductDependency;
			package = 770AD05F2A76C1CB004CA5D2 /* XCRemoteSwiftPackageReference "firebase-ios-sdk" */;
			productName = FirebaseInstallations;
		};
		770AD0882A76C1CB004CA5D2 /* FirebaseMLModelDownloader */ = {
			isa = XCSwiftPackageProductDependency;
			package = 770AD05F2A76C1CB004CA5D2 /* XCRemoteSwiftPackageReference "firebase-ios-sdk" */;
			productName = FirebaseMLModelDownloader;
		};
		770AD08A2A76C1CB004CA5D2 /* FirebaseMessaging */ = {
			isa = XCSwiftPackageProductDependency;
			package = 770AD05F2A76C1CB004CA5D2 /* XCRemoteSwiftPackageReference "firebase-ios-sdk" */;
			productName = FirebaseMessaging;
		};
		770AD08C2A76C1CB004CA5D2 /* FirebasePerformance */ = {
			isa = XCSwiftPackageProductDependency;
			package = 770AD05F2A76C1CB004CA5D2 /* XCRemoteSwiftPackageReference "firebase-ios-sdk" */;
			productName = FirebasePerformance;
		};
		770AD08E2A76C1CB004CA5D2 /* FirebaseRemoteConfig */ = {
			isa = XCSwiftPackageProductDependency;
			package = 770AD05F2A76C1CB004CA5D2 /* XCRemoteSwiftPackageReference "firebase-ios-sdk" */;
			productName = FirebaseRemoteConfig;
		};
		770AD0902A76C1CB004CA5D2 /* FirebaseRemoteConfigSwift */ = {
			isa = XCSwiftPackageProductDependency;
			package = 770AD05F2A76C1CB004CA5D2 /* XCRemoteSwiftPackageReference "firebase-ios-sdk" */;
			productName = FirebaseRemoteConfigSwift;
		};
		770AD0922A76C1CB004CA5D2 /* FirebaseStorage */ = {
			isa = XCSwiftPackageProductDependency;
			package = 770AD05F2A76C1CB004CA5D2 /* XCRemoteSwiftPackageReference "firebase-ios-sdk" */;
			productName = FirebaseStorage;
		};
		770AD0942A76C1CB004CA5D2 /* FirebaseStorageCombine-Community */ = {
			isa = XCSwiftPackageProductDependency;
			package = 770AD05F2A76C1CB004CA5D2 /* XCRemoteSwiftPackageReference "firebase-ios-sdk" */;
			productName = "FirebaseStorageCombine-Community";
		};
		77DC3AE22B051CA4009F2B9A /* YouTubePlayerKit */ = {
			isa = XCSwiftPackageProductDependency;
			package = 77DC3AE12B051CA4009F2B9A /* XCRemoteSwiftPackageReference "YouTubePlayerKit" */;
			productName = YouTubePlayerKit;
		};
/* End XCSwiftPackageProductDependency section */
	};
	rootObject = 77E383012A7225470084B8A6 /* Project object */;
}
