// !$*UTF8*$!
{
	archiveVersion = 1;
	classes = {
	};
	objectVersion = 56;
	objects = {

/* Begin PBXBuildFile section */
		770AD0582A76BBC0004CA5D2 /* SignInView.swift in Sources */ = {isa = PBXBuildFile; fileRef = 770AD0572A76BBC0004CA5D2 /* SignInView.swift */; };
		770AD05A2A76BBCB004CA5D2 /* SignUpView.swift in Sources */ = {isa = PBXBuildFile; fileRef = 770AD0592A76BBCB004CA5D2 /* SignUpView.swift */; };
		770AD05C2A76C0F1004CA5D2 /* GoogleService-Info.plist in Resources */ = {isa = PBXBuildFile; fileRef = 770AD05B2A76C0F1004CA5D2 /* GoogleService-Info.plist */; };
		770AD05D2A76C0F1004CA5D2 /* GoogleService-Info.plist in Resources */ = {isa = PBXBuildFile; fileRef = 770AD05B2A76C0F1004CA5D2 /* GoogleService-Info.plist */; };
		770AD05E2A76C0F1004CA5D2 /* GoogleService-Info.plist in Resources */ = {isa = PBXBuildFile; fileRef = 770AD05B2A76C0F1004CA5D2 /* GoogleService-Info.plist */; };
		770AD0612A76C1CB004CA5D2 /* FirebaseAnalytics in Frameworks */ = {isa = PBXBuildFile; productRef = 770AD0602A76C1CB004CA5D2 /* FirebaseAnalytics */; };
		770AD0632A76C1CB004CA5D2 /* FirebaseAnalyticsOnDeviceConversion in Frameworks */ = {isa = PBXBuildFile; productRef = 770AD0622A76C1CB004CA5D2 /* FirebaseAnalyticsOnDeviceConversion */; };
		770AD0652A76C1CB004CA5D2 /* FirebaseAnalyticsSwift in Frameworks */ = {isa = PBXBuildFile; productRef = 770AD0642A76C1CB004CA5D2 /* FirebaseAnalyticsSwift */; };
		770AD0672A76C1CB004CA5D2 /* FirebaseAnalyticsWithoutAdIdSupport in Frameworks */ = {isa = PBXBuildFile; productRef = 770AD0662A76C1CB004CA5D2 /* FirebaseAnalyticsWithoutAdIdSupport */; };
		770AD0692A76C1CB004CA5D2 /* FirebaseAppCheck in Frameworks */ = {isa = PBXBuildFile; productRef = 770AD0682A76C1CB004CA5D2 /* FirebaseAppCheck */; };
		770AD06B2A76C1CB004CA5D2 /* FirebaseAppDistribution-Beta in Frameworks */ = {isa = PBXBuildFile; productRef = 770AD06A2A76C1CB004CA5D2 /* FirebaseAppDistribution-Beta */; };
		770AD06D2A76C1CB004CA5D2 /* FirebaseAuth in Frameworks */ = {isa = PBXBuildFile; productRef = 770AD06C2A76C1CB004CA5D2 /* FirebaseAuth */; };
		770AD06F2A76C1CB004CA5D2 /* FirebaseAuthCombine-Community in Frameworks */ = {isa = PBXBuildFile; productRef = 770AD06E2A76C1CB004CA5D2 /* FirebaseAuthCombine-Community */; };
		770AD0712A76C1CB004CA5D2 /* FirebaseCrashlytics in Frameworks */ = {isa = PBXBuildFile; productRef = 770AD0702A76C1CB004CA5D2 /* FirebaseCrashlytics */; };
		770AD0732A76C1CB004CA5D2 /* FirebaseDatabase in Frameworks */ = {isa = PBXBuildFile; productRef = 770AD0722A76C1CB004CA5D2 /* FirebaseDatabase */; };
		770AD0752A76C1CB004CA5D2 /* FirebaseDatabaseSwift in Frameworks */ = {isa = PBXBuildFile; productRef = 770AD0742A76C1CB004CA5D2 /* FirebaseDatabaseSwift */; };
		770AD0772A76C1CB004CA5D2 /* FirebaseDynamicLinks in Frameworks */ = {isa = PBXBuildFile; productRef = 770AD0762A76C1CB004CA5D2 /* FirebaseDynamicLinks */; };
		770AD0792A76C1CB004CA5D2 /* FirebaseFirestore in Frameworks */ = {isa = PBXBuildFile; productRef = 770AD0782A76C1CB004CA5D2 /* FirebaseFirestore */; };
		770AD07B2A76C1CB004CA5D2 /* FirebaseFirestoreCombine-Community in Frameworks */ = {isa = PBXBuildFile; productRef = 770AD07A2A76C1CB004CA5D2 /* FirebaseFirestoreCombine-Community */; };
		770AD07D2A76C1CB004CA5D2 /* FirebaseFirestoreSwift in Frameworks */ = {isa = PBXBuildFile; productRef = 770AD07C2A76C1CB004CA5D2 /* FirebaseFirestoreSwift */; };
		770AD07F2A76C1CB004CA5D2 /* FirebaseFunctions in Frameworks */ = {isa = PBXBuildFile; productRef = 770AD07E2A76C1CB004CA5D2 /* FirebaseFunctions */; };
		770AD0812A76C1CB004CA5D2 /* FirebaseFunctionsCombine-Community in Frameworks */ = {isa = PBXBuildFile; productRef = 770AD0802A76C1CB004CA5D2 /* FirebaseFunctionsCombine-Community */; };
		770AD0832A76C1CB004CA5D2 /* FirebaseInAppMessaging-Beta in Frameworks */ = {isa = PBXBuildFile; productRef = 770AD0822A76C1CB004CA5D2 /* FirebaseInAppMessaging-Beta */; };
		770AD0852A76C1CB004CA5D2 /* FirebaseInAppMessagingSwift-Beta in Frameworks */ = {isa = PBXBuildFile; productRef = 770AD0842A76C1CB004CA5D2 /* FirebaseInAppMessagingSwift-Beta */; };
		770AD0872A76C1CB004CA5D2 /* FirebaseInstallations in Frameworks */ = {isa = PBXBuildFile; productRef = 770AD0862A76C1CB004CA5D2 /* FirebaseInstallations */; };
		770AD0892A76C1CB004CA5D2 /* FirebaseMLModelDownloader in Frameworks */ = {isa = PBXBuildFile; productRef = 770AD0882A76C1CB004CA5D2 /* FirebaseMLModelDownloader */; };
		770AD08B2A76C1CB004CA5D2 /* FirebaseMessaging in Frameworks */ = {isa = PBXBuildFile; productRef = 770AD08A2A76C1CB004CA5D2 /* FirebaseMessaging */; };
		770AD08D2A76C1CB004CA5D2 /* FirebasePerformance in Frameworks */ = {isa = PBXBuildFile; productRef = 770AD08C2A76C1CB004CA5D2 /* FirebasePerformance */; };
		770AD08F2A76C1CB004CA5D2 /* FirebaseRemoteConfig in Frameworks */ = {isa = PBXBuildFile; productRef = 770AD08E2A76C1CB004CA5D2 /* FirebaseRemoteConfig */; };
		770AD0912A76C1CB004CA5D2 /* FirebaseRemoteConfigSwift in Frameworks */ = {isa = PBXBuildFile; productRef = 770AD0902A76C1CB004CA5D2 /* FirebaseRemoteConfigSwift */; };
		770AD0932A76C1CB004CA5D2 /* FirebaseStorage in Frameworks */ = {isa = PBXBuildFile; productRef = 770AD0922A76C1CB004CA5D2 /* FirebaseStorage */; };
		770AD0952A76C1CB004CA5D2 /* FirebaseStorageCombine-Community in Frameworks */ = {isa = PBXBuildFile; productRef = 770AD0942A76C1CB004CA5D2 /* FirebaseStorageCombine-Community */; };
		770AD0972A76D0BE004CA5D2 /* SettingsView.swift in Sources */ = {isa = PBXBuildFile; fileRef = 770AD0962A76D0BE004CA5D2 /* SettingsView.swift */; };
		770AD0982A76D0BE004CA5D2 /* SettingsView.swift in Sources */ = {isa = PBXBuildFile; fileRef = 770AD0962A76D0BE004CA5D2 /* SettingsView.swift */; };
		770AD0992A76D0BE004CA5D2 /* SettingsView.swift in Sources */ = {isa = PBXBuildFile; fileRef = 770AD0962A76D0BE004CA5D2 /* SettingsView.swift */; };
		770AD09B2A778AEA004CA5D2 /* HamburgerMenu.swift in Sources */ = {isa = PBXBuildFile; fileRef = 770AD09A2A778AEA004CA5D2 /* HamburgerMenu.swift */; };
		770AD09C2A778AEA004CA5D2 /* HamburgerMenu.swift in Sources */ = {isa = PBXBuildFile; fileRef = 770AD09A2A778AEA004CA5D2 /* HamburgerMenu.swift */; };
		770AD09D2A778AEA004CA5D2 /* HamburgerMenu.swift in Sources */ = {isa = PBXBuildFile; fileRef = 770AD09A2A778AEA004CA5D2 /* HamburgerMenu.swift */; };
		770AD09F2A78C046004CA5D2 /* CardViewModel.swift in Sources */ = {isa = PBXBuildFile; fileRef = 770AD09E2A78C046004CA5D2 /* CardViewModel.swift */; };
		770AD0A02A78C046004CA5D2 /* CardViewModel.swift in Sources */ = {isa = PBXBuildFile; fileRef = 770AD09E2A78C046004CA5D2 /* CardViewModel.swift */; };
		770AD0A12A78C046004CA5D2 /* CardViewModel.swift in Sources */ = {isa = PBXBuildFile; fileRef = 770AD09E2A78C046004CA5D2 /* CardViewModel.swift */; };
		77E3830D2A7225470084B8A6 /* ProjectMunchiesApp.swift in Sources */ = {isa = PBXBuildFile; fileRef = 77E3830C2A7225470084B8A6 /* ProjectMunchiesApp.swift */; };
		77E3830F2A7225470084B8A6 /* ContentView.swift in Sources */ = {isa = PBXBuildFile; fileRef = 77E3830E2A7225470084B8A6 /* ContentView.swift */; };
		77E383112A7225490084B8A6 /* Assets.xcassets in Resources */ = {isa = PBXBuildFile; fileRef = 77E383102A7225490084B8A6 /* Assets.xcassets */; };
		77E383142A7225490084B8A6 /* Preview Assets.xcassets in Resources */ = {isa = PBXBuildFile; fileRef = 77E383132A7225490084B8A6 /* Preview Assets.xcassets */; };
		77E3831E2A7225490084B8A6 /* ProjectMunchiesTests.swift in Sources */ = {isa = PBXBuildFile; fileRef = 77E3831D2A7225490084B8A6 /* ProjectMunchiesTests.swift */; };
		77E383282A7225490084B8A6 /* ProjectMunchiesUITests.swift in Sources */ = {isa = PBXBuildFile; fileRef = 77E383272A7225490084B8A6 /* ProjectMunchiesUITests.swift */; };
		77E3832A2A7225490084B8A6 /* ProjectMunchiesUITestsLaunchTests.swift in Sources */ = {isa = PBXBuildFile; fileRef = 77E383292A7225490084B8A6 /* ProjectMunchiesUITestsLaunchTests.swift */; };
		77E383372A7226290084B8A6 /* HomeView.swift in Sources */ = {isa = PBXBuildFile; fileRef = 77E383362A7226290084B8A6 /* HomeView.swift */; };
		77E383392A7229AD0084B8A6 /* CardView.swift in Sources */ = {isa = PBXBuildFile; fileRef = 77E383382A7229AD0084B8A6 /* CardView.swift */; };
		77E3833B2A7229B80084B8A6 /* CardsView.swift in Sources */ = {isa = PBXBuildFile; fileRef = 77E3833A2A7229B80084B8A6 /* CardsView.swift */; };
		77E3833D2A7229DC0084B8A6 /* EventView.swift in Sources */ = {isa = PBXBuildFile; fileRef = 77E3833C2A7229DC0084B8A6 /* EventView.swift */; };
		77E3833F2A7229E50084B8A6 /* EventsView.swift in Sources */ = {isa = PBXBuildFile; fileRef = 77E3833E2A7229E50084B8A6 /* EventsView.swift */; };
		77E383412A7242A40084B8A6 /* SearchBar.swift in Sources */ = {isa = PBXBuildFile; fileRef = 77E383402A7242A40084B8A6 /* SearchBar.swift */; };
		77E383432A7244C60084B8A6 /* EventModel.swift in Sources */ = {isa = PBXBuildFile; fileRef = 77E383422A7244C60084B8A6 /* EventModel.swift */; };
		77E383452A7247460084B8A6 /* MockService.swift in Sources */ = {isa = PBXBuildFile; fileRef = 77E383442A7247460084B8A6 /* MockService.swift */; };
		77E383492A7388F50084B8A6 /* ProfileModel.swift in Sources */ = {isa = PBXBuildFile; fileRef = 77E383482A7388F50084B8A6 /* ProfileModel.swift */; };
		77E3834B2A738D480084B8A6 /* Extensions.swift in Sources */ = {isa = PBXBuildFile; fileRef = 77E3834A2A738D480084B8A6 /* Extensions.swift */; };
		77E3834D2A74E36A0084B8A6 /* ViewRouter.swift in Sources */ = {isa = PBXBuildFile; fileRef = 77E3834C2A74E36A0084B8A6 /* ViewRouter.swift */; };
		77E3834F2A751D9E0084B8A6 /* EventEditView.swift in Sources */ = {isa = PBXBuildFile; fileRef = 77E3834E2A751D9E0084B8A6 /* EventEditView.swift */; };
		77E383522A75BB840084B8A6 /* ProfileView.swift in Sources */ = {isa = PBXBuildFile; fileRef = 77E383512A75BB840084B8A6 /* ProfileView.swift */; };
		77F3E0A32A79065700BC3791 /* NotificationsView.swift in Sources */ = {isa = PBXBuildFile; fileRef = 77F3E0A22A79065700BC3791 /* NotificationsView.swift */; };
		77F3E0A62A86092500BC3791 /* ImagePicker.swift in Sources */ = {isa = PBXBuildFile; fileRef = 77F3E0A52A86092500BC3791 /* ImagePicker.swift */; };
		77F3E0AA2A860C3E00BC3791 /* HomeViewModel.swift in Sources */ = {isa = PBXBuildFile; fileRef = 77F3E0A92A860C3E00BC3791 /* HomeViewModel.swift */; };
		77F3E0AC2A8693DC00BC3791 /* FoodFilterModel.swift in Sources */ = {isa = PBXBuildFile; fileRef = 77F3E0AB2A8693DC00BC3791 /* FoodFilterModel.swift */; };
		77F3E0AE2A87A13C00BC3791 /* Header.swift in Sources */ = {isa = PBXBuildFile; fileRef = 77F3E0AD2A87A13C00BC3791 /* Header.swift */; };
/* End PBXBuildFile section */

/* Begin PBXContainerItemProxy section */
		77E3831A2A7225490084B8A6 /* PBXContainerItemProxy */ = {
			isa = PBXContainerItemProxy;
			containerPortal = 77E383012A7225470084B8A6 /* Project object */;
			proxyType = 1;
			remoteGlobalIDString = 77E383082A7225470084B8A6;
			remoteInfo = ProjectMunchies;
		};
		77E383242A7225490084B8A6 /* PBXContainerItemProxy */ = {
			isa = PBXContainerItemProxy;
			containerPortal = 77E383012A7225470084B8A6 /* Project object */;
			proxyType = 1;
			remoteGlobalIDString = 77E383082A7225470084B8A6;
			remoteInfo = ProjectMunchies;
		};
/* End PBXContainerItemProxy section */

/* Begin PBXFileReference section */
		770AD0572A76BBC0004CA5D2 /* SignInView.swift */ = {isa = PBXFileReference; lastKnownFileType = sourcecode.swift; path = SignInView.swift; sourceTree = "<group>"; };
		770AD0592A76BBCB004CA5D2 /* SignUpView.swift */ = {isa = PBXFileReference; lastKnownFileType = sourcecode.swift; path = SignUpView.swift; sourceTree = "<group>"; };
		770AD05B2A76C0F1004CA5D2 /* GoogleService-Info.plist */ = {isa = PBXFileReference; fileEncoding = 4; lastKnownFileType = text.plist.xml; path = "GoogleService-Info.plist"; sourceTree = "<group>"; };
		770AD0962A76D0BE004CA5D2 /* SettingsView.swift */ = {isa = PBXFileReference; lastKnownFileType = sourcecode.swift; path = SettingsView.swift; sourceTree = "<group>"; };
		770AD09A2A778AEA004CA5D2 /* HamburgerMenu.swift */ = {isa = PBXFileReference; lastKnownFileType = sourcecode.swift; path = HamburgerMenu.swift; sourceTree = "<group>"; };
		770AD09E2A78C046004CA5D2 /* CardViewModel.swift */ = {isa = PBXFileReference; lastKnownFileType = sourcecode.swift; path = CardViewModel.swift; sourceTree = "<group>"; };
		77E383092A7225470084B8A6 /* ProjectMunchies.app */ = {isa = PBXFileReference; explicitFileType = wrapper.application; includeInIndex = 0; path = ProjectMunchies.app; sourceTree = BUILT_PRODUCTS_DIR; };
		77E3830C2A7225470084B8A6 /* ProjectMunchiesApp.swift */ = {isa = PBXFileReference; lastKnownFileType = sourcecode.swift; path = ProjectMunchiesApp.swift; sourceTree = "<group>"; };
		77E3830E2A7225470084B8A6 /* ContentView.swift */ = {isa = PBXFileReference; lastKnownFileType = sourcecode.swift; path = ContentView.swift; sourceTree = "<group>"; };
		77E383102A7225490084B8A6 /* Assets.xcassets */ = {isa = PBXFileReference; lastKnownFileType = folder.assetcatalog; path = Assets.xcassets; sourceTree = "<group>"; };
		77E383132A7225490084B8A6 /* Preview Assets.xcassets */ = {isa = PBXFileReference; lastKnownFileType = folder.assetcatalog; path = "Preview Assets.xcassets"; sourceTree = "<group>"; };
		77E383192A7225490084B8A6 /* ProjectMunchiesTests.xctest */ = {isa = PBXFileReference; explicitFileType = wrapper.cfbundle; includeInIndex = 0; path = ProjectMunchiesTests.xctest; sourceTree = BUILT_PRODUCTS_DIR; };
		77E3831D2A7225490084B8A6 /* ProjectMunchiesTests.swift */ = {isa = PBXFileReference; lastKnownFileType = sourcecode.swift; path = ProjectMunchiesTests.swift; sourceTree = "<group>"; };
		77E383232A7225490084B8A6 /* ProjectMunchiesUITests.xctest */ = {isa = PBXFileReference; explicitFileType = wrapper.cfbundle; includeInIndex = 0; path = ProjectMunchiesUITests.xctest; sourceTree = BUILT_PRODUCTS_DIR; };
		77E383272A7225490084B8A6 /* ProjectMunchiesUITests.swift */ = {isa = PBXFileReference; lastKnownFileType = sourcecode.swift; path = ProjectMunchiesUITests.swift; sourceTree = "<group>"; };
		77E383292A7225490084B8A6 /* ProjectMunchiesUITestsLaunchTests.swift */ = {isa = PBXFileReference; lastKnownFileType = sourcecode.swift; path = ProjectMunchiesUITestsLaunchTests.swift; sourceTree = "<group>"; };
		77E383362A7226290084B8A6 /* HomeView.swift */ = {isa = PBXFileReference; lastKnownFileType = sourcecode.swift; path = HomeView.swift; sourceTree = "<group>"; };
		77E383382A7229AD0084B8A6 /* CardView.swift */ = {isa = PBXFileReference; lastKnownFileType = sourcecode.swift; path = CardView.swift; sourceTree = "<group>"; };
		77E3833A2A7229B80084B8A6 /* CardsView.swift */ = {isa = PBXFileReference; lastKnownFileType = sourcecode.swift; path = CardsView.swift; sourceTree = "<group>"; };
		77E3833C2A7229DC0084B8A6 /* EventView.swift */ = {isa = PBXFileReference; lastKnownFileType = sourcecode.swift; path = EventView.swift; sourceTree = "<group>"; };
		77E3833E2A7229E50084B8A6 /* EventsView.swift */ = {isa = PBXFileReference; lastKnownFileType = sourcecode.swift; path = EventsView.swift; sourceTree = "<group>"; };
		77E383402A7242A40084B8A6 /* SearchBar.swift */ = {isa = PBXFileReference; lastKnownFileType = sourcecode.swift; path = SearchBar.swift; sourceTree = "<group>"; };
		77E383422A7244C60084B8A6 /* EventModel.swift */ = {isa = PBXFileReference; lastKnownFileType = sourcecode.swift; path = EventModel.swift; sourceTree = "<group>"; };
		77E383442A7247460084B8A6 /* MockService.swift */ = {isa = PBXFileReference; lastKnownFileType = sourcecode.swift; path = MockService.swift; sourceTree = "<group>"; };
		77E383482A7388F50084B8A6 /* ProfileModel.swift */ = {isa = PBXFileReference; lastKnownFileType = sourcecode.swift; path = ProfileModel.swift; sourceTree = "<group>"; };
		77E3834A2A738D480084B8A6 /* Extensions.swift */ = {isa = PBXFileReference; lastKnownFileType = sourcecode.swift; path = Extensions.swift; sourceTree = "<group>"; };
		77E3834C2A74E36A0084B8A6 /* ViewRouter.swift */ = {isa = PBXFileReference; lastKnownFileType = sourcecode.swift; path = ViewRouter.swift; sourceTree = "<group>"; };
		77E3834E2A751D9E0084B8A6 /* EventEditView.swift */ = {isa = PBXFileReference; lastKnownFileType = sourcecode.swift; path = EventEditView.swift; sourceTree = "<group>"; };
		77E383502A75B78F0084B8A6 /* Info.plist */ = {isa = PBXFileReference; lastKnownFileType = text.plist; path = Info.plist; sourceTree = "<group>"; };
		77E383512A75BB840084B8A6 /* ProfileView.swift */ = {isa = PBXFileReference; lastKnownFileType = sourcecode.swift; path = ProfileView.swift; sourceTree = "<group>"; };
		77F3E0A22A79065700BC3791 /* NotificationsView.swift */ = {isa = PBXFileReference; lastKnownFileType = sourcecode.swift; path = NotificationsView.swift; sourceTree = "<group>"; };
		77F3E0A52A86092500BC3791 /* ImagePicker.swift */ = {isa = PBXFileReference; lastKnownFileType = sourcecode.swift; path = ImagePicker.swift; sourceTree = "<group>"; };
		77F3E0A92A860C3E00BC3791 /* HomeViewModel.swift */ = {isa = PBXFileReference; lastKnownFileType = sourcecode.swift; path = HomeViewModel.swift; sourceTree = "<group>"; };
		77F3E0AB2A8693DC00BC3791 /* FoodFilterModel.swift */ = {isa = PBXFileReference; lastKnownFileType = sourcecode.swift; path = FoodFilterModel.swift; sourceTree = "<group>"; };
		77F3E0AD2A87A13C00BC3791 /* Header.swift */ = {isa = PBXFileReference; lastKnownFileType = sourcecode.swift; path = Header.swift; sourceTree = "<group>"; };
/* End PBXFileReference section */

/* Begin PBXFrameworksBuildPhase section */
		77E383062A7225470084B8A6 /* Frameworks */ = {
			isa = PBXFrameworksBuildPhase;
			buildActionMask = 2147483647;
			files = (
				770AD0732A76C1CB004CA5D2 /* FirebaseDatabase in Frameworks */,
				770AD0812A76C1CB004CA5D2 /* FirebaseFunctionsCombine-Community in Frameworks */,
				770AD0792A76C1CB004CA5D2 /* FirebaseFirestore in Frameworks */,
				770AD0652A76C1CB004CA5D2 /* FirebaseAnalyticsSwift in Frameworks */,
				770AD0612A76C1CB004CA5D2 /* FirebaseAnalytics in Frameworks */,
				770AD0632A76C1CB004CA5D2 /* FirebaseAnalyticsOnDeviceConversion in Frameworks */,
				770AD0892A76C1CB004CA5D2 /* FirebaseMLModelDownloader in Frameworks */,
				770AD07D2A76C1CB004CA5D2 /* FirebaseFirestoreSwift in Frameworks */,
				770AD0692A76C1CB004CA5D2 /* FirebaseAppCheck in Frameworks */,
				770AD0672A76C1CB004CA5D2 /* FirebaseAnalyticsWithoutAdIdSupport in Frameworks */,
				770AD06D2A76C1CB004CA5D2 /* FirebaseAuth in Frameworks */,
				770AD0712A76C1CB004CA5D2 /* FirebaseCrashlytics in Frameworks */,
				770AD0912A76C1CB004CA5D2 /* FirebaseRemoteConfigSwift in Frameworks */,
				770AD0832A76C1CB004CA5D2 /* FirebaseInAppMessaging-Beta in Frameworks */,
				770AD0752A76C1CB004CA5D2 /* FirebaseDatabaseSwift in Frameworks */,
				770AD07F2A76C1CB004CA5D2 /* FirebaseFunctions in Frameworks */,
				770AD0952A76C1CB004CA5D2 /* FirebaseStorageCombine-Community in Frameworks */,
				770AD08F2A76C1CB004CA5D2 /* FirebaseRemoteConfig in Frameworks */,
				770AD06B2A76C1CB004CA5D2 /* FirebaseAppDistribution-Beta in Frameworks */,
				770AD06F2A76C1CB004CA5D2 /* FirebaseAuthCombine-Community in Frameworks */,
				770AD08D2A76C1CB004CA5D2 /* FirebasePerformance in Frameworks */,
				770AD0852A76C1CB004CA5D2 /* FirebaseInAppMessagingSwift-Beta in Frameworks */,
				770AD0932A76C1CB004CA5D2 /* FirebaseStorage in Frameworks */,
				770AD0772A76C1CB004CA5D2 /* FirebaseDynamicLinks in Frameworks */,
				770AD07B2A76C1CB004CA5D2 /* FirebaseFirestoreCombine-Community in Frameworks */,
				770AD08B2A76C1CB004CA5D2 /* FirebaseMessaging in Frameworks */,
				770AD0872A76C1CB004CA5D2 /* FirebaseInstallations in Frameworks */,
			);
			runOnlyForDeploymentPostprocessing = 0;
		};
		77E383162A7225490084B8A6 /* Frameworks */ = {
			isa = PBXFrameworksBuildPhase;
			buildActionMask = 2147483647;
			files = (
			);
			runOnlyForDeploymentPostprocessing = 0;
		};
		77E383202A7225490084B8A6 /* Frameworks */ = {
			isa = PBXFrameworksBuildPhase;
			buildActionMask = 2147483647;
			files = (
			);
			runOnlyForDeploymentPostprocessing = 0;
		};
/* End PBXFrameworksBuildPhase section */

/* Begin PBXGroup section */
		770AD0562A76BBAB004CA5D2 /* auth */ = {
			isa = PBXGroup;
			children = (
				770AD0572A76BBC0004CA5D2 /* SignInView.swift */,
				770AD0592A76BBCB004CA5D2 /* SignUpView.swift */,
			);
			path = auth;
			sourceTree = "<group>";
		};
		77E383002A7225470084B8A6 = {
			isa = PBXGroup;
			children = (
				77E3830B2A7225470084B8A6 /* ProjectMunchies */,
				77E3831C2A7225490084B8A6 /* ProjectMunchiesTests */,
				77E383262A7225490084B8A6 /* ProjectMunchiesUITests */,
				77E3830A2A7225470084B8A6 /* Products */,
			);
			sourceTree = "<group>";
		};
		77E3830A2A7225470084B8A6 /* Products */ = {
			isa = PBXGroup;
			children = (
				77E383092A7225470084B8A6 /* ProjectMunchies.app */,
				77E383192A7225490084B8A6 /* ProjectMunchiesTests.xctest */,
				77E383232A7225490084B8A6 /* ProjectMunchiesUITests.xctest */,
			);
			name = Products;
			sourceTree = "<group>";
		};
		77E3830B2A7225470084B8A6 /* ProjectMunchies */ = {
			isa = PBXGroup;
			children = (
				77F3E0A72A860C1400BC3791 /* home */,
				77F3E0A42A8608CD00BC3791 /* utils */,
				770AD0562A76BBAB004CA5D2 /* auth */,
				77E383502A75B78F0084B8A6 /* Info.plist */,
				77E3830C2A7225470084B8A6 /* ProjectMunchiesApp.swift */,
				77E3830E2A7225470084B8A6 /* ContentView.swift */,
				77E383102A7225490084B8A6 /* Assets.xcassets */,
				77E383122A7225490084B8A6 /* Preview Content */,
				77E383402A7242A40084B8A6 /* SearchBar.swift */,
				77E383472A7248CB0084B8A6 /* cards */,
				77E383462A7248BC0084B8A6 /* events */,
				77E383442A7247460084B8A6 /* MockService.swift */,
				77E3834A2A738D480084B8A6 /* Extensions.swift */,
				77E3834C2A74E36A0084B8A6 /* ViewRouter.swift */,
				770AD05B2A76C0F1004CA5D2 /* GoogleService-Info.plist */,
				77E383512A75BB840084B8A6 /* ProfileView.swift */,
				770AD0962A76D0BE004CA5D2 /* SettingsView.swift */,
				770AD09A2A778AEA004CA5D2 /* HamburgerMenu.swift */,
				77F3E0A22A79065700BC3791 /* NotificationsView.swift */,
			);
			path = ProjectMunchies;
			sourceTree = "<group>";
		};
		77E383122A7225490084B8A6 /* Preview Content */ = {
			isa = PBXGroup;
			children = (
				77E383132A7225490084B8A6 /* Preview Assets.xcassets */,
			);
			path = "Preview Content";
			sourceTree = "<group>";
		};
		77E3831C2A7225490084B8A6 /* ProjectMunchiesTests */ = {
			isa = PBXGroup;
			children = (
				77E3831D2A7225490084B8A6 /* ProjectMunchiesTests.swift */,
			);
			path = ProjectMunchiesTests;
			sourceTree = "<group>";
		};
		77E383262A7225490084B8A6 /* ProjectMunchiesUITests */ = {
			isa = PBXGroup;
			children = (
				77E383272A7225490084B8A6 /* ProjectMunchiesUITests.swift */,
				77E383292A7225490084B8A6 /* ProjectMunchiesUITestsLaunchTests.swift */,
			);
			path = ProjectMunchiesUITests;
			sourceTree = "<group>";
		};
		77E383462A7248BC0084B8A6 /* events */ = {
			isa = PBXGroup;
			children = (
				77E383422A7244C60084B8A6 /* EventModel.swift */,
				77E3833E2A7229E50084B8A6 /* EventsView.swift */,
				77E3833C2A7229DC0084B8A6 /* EventView.swift */,
				77E3834E2A751D9E0084B8A6 /* EventEditView.swift */,
			);
			path = events;
			sourceTree = "<group>";
		};
		77E383472A7248CB0084B8A6 /* cards */ = {
			isa = PBXGroup;
			children = (
				77E3833A2A7229B80084B8A6 /* CardsView.swift */,
				77E383382A7229AD0084B8A6 /* CardView.swift */,
				77E383482A7388F50084B8A6 /* ProfileModel.swift */,
				770AD09E2A78C046004CA5D2 /* CardViewModel.swift */,
			);
			path = cards;
			sourceTree = "<group>";
		};
		77F3E0A42A8608CD00BC3791 /* utils */ = {
			isa = PBXGroup;
			children = (
				77F3E0A52A86092500BC3791 /* ImagePicker.swift */,
				77F3E0AD2A87A13C00BC3791 /* Header.swift */,
			);
			path = utils;
			sourceTree = "<group>";
		};
		77F3E0A72A860C1400BC3791 /* home */ = {
			isa = PBXGroup;
			children = (
				77F3E0A82A860C2300BC3791 /* models */,
				77E383362A7226290084B8A6 /* HomeView.swift */,
			);
			path = home;
			sourceTree = "<group>";
		};
		77F3E0A82A860C2300BC3791 /* models */ = {
			isa = PBXGroup;
			children = (
				77F3E0A92A860C3E00BC3791 /* HomeViewModel.swift */,
				77F3E0AB2A8693DC00BC3791 /* FoodFilterModel.swift */,
			);
			path = models;
			sourceTree = "<group>";
		};
/* End PBXGroup section */

/* Begin PBXNativeTarget section */
		77E383082A7225470084B8A6 /* ProjectMunchies */ = {
			isa = PBXNativeTarget;
			buildConfigurationList = 77E3832D2A7225490084B8A6 /* Build configuration list for PBXNativeTarget "ProjectMunchies" */;
			buildPhases = (
				77E383052A7225470084B8A6 /* Sources */,
				77E383062A7225470084B8A6 /* Frameworks */,
				77E383072A7225470084B8A6 /* Resources */,
			);
			buildRules = (
			);
			dependencies = (
			);
			name = ProjectMunchies;
			packageProductDependencies = (
				770AD0602A76C1CB004CA5D2 /* FirebaseAnalytics */,
				770AD0622A76C1CB004CA5D2 /* FirebaseAnalyticsOnDeviceConversion */,
				770AD0642A76C1CB004CA5D2 /* FirebaseAnalyticsSwift */,
				770AD0662A76C1CB004CA5D2 /* FirebaseAnalyticsWithoutAdIdSupport */,
				770AD0682A76C1CB004CA5D2 /* FirebaseAppCheck */,
				770AD06A2A76C1CB004CA5D2 /* FirebaseAppDistribution-Beta */,
				770AD06C2A76C1CB004CA5D2 /* FirebaseAuth */,
				770AD06E2A76C1CB004CA5D2 /* FirebaseAuthCombine-Community */,
				770AD0702A76C1CB004CA5D2 /* FirebaseCrashlytics */,
				770AD0722A76C1CB004CA5D2 /* FirebaseDatabase */,
				770AD0742A76C1CB004CA5D2 /* FirebaseDatabaseSwift */,
				770AD0762A76C1CB004CA5D2 /* FirebaseDynamicLinks */,
				770AD0782A76C1CB004CA5D2 /* FirebaseFirestore */,
				770AD07A2A76C1CB004CA5D2 /* FirebaseFirestoreCombine-Community */,
				770AD07C2A76C1CB004CA5D2 /* FirebaseFirestoreSwift */,
				770AD07E2A76C1CB004CA5D2 /* FirebaseFunctions */,
				770AD0802A76C1CB004CA5D2 /* FirebaseFunctionsCombine-Community */,
				770AD0822A76C1CB004CA5D2 /* FirebaseInAppMessaging-Beta */,
				770AD0842A76C1CB004CA5D2 /* FirebaseInAppMessagingSwift-Beta */,
				770AD0862A76C1CB004CA5D2 /* FirebaseInstallations */,
				770AD0882A76C1CB004CA5D2 /* FirebaseMLModelDownloader */,
				770AD08A2A76C1CB004CA5D2 /* FirebaseMessaging */,
				770AD08C2A76C1CB004CA5D2 /* FirebasePerformance */,
				770AD08E2A76C1CB004CA5D2 /* FirebaseRemoteConfig */,
				770AD0902A76C1CB004CA5D2 /* FirebaseRemoteConfigSwift */,
				770AD0922A76C1CB004CA5D2 /* FirebaseStorage */,
				770AD0942A76C1CB004CA5D2 /* FirebaseStorageCombine-Community */,
			);
			productName = ProjectMunchies;
			productReference = 77E383092A7225470084B8A6 /* ProjectMunchies.app */;
			productType = "com.apple.product-type.application";
		};
		77E383182A7225490084B8A6 /* ProjectMunchiesTests */ = {
			isa = PBXNativeTarget;
			buildConfigurationList = 77E383302A7225490084B8A6 /* Build configuration list for PBXNativeTarget "ProjectMunchiesTests" */;
			buildPhases = (
				77E383152A7225490084B8A6 /* Sources */,
				77E383162A7225490084B8A6 /* Frameworks */,
				77E383172A7225490084B8A6 /* Resources */,
			);
			buildRules = (
			);
			dependencies = (
				77E3831B2A7225490084B8A6 /* PBXTargetDependency */,
			);
			name = ProjectMunchiesTests;
			productName = ProjectMunchiesTests;
			productReference = 77E383192A7225490084B8A6 /* ProjectMunchiesTests.xctest */;
			productType = "com.apple.product-type.bundle.unit-test";
		};
		77E383222A7225490084B8A6 /* ProjectMunchiesUITests */ = {
			isa = PBXNativeTarget;
			buildConfigurationList = 77E383332A7225490084B8A6 /* Build configuration list for PBXNativeTarget "ProjectMunchiesUITests" */;
			buildPhases = (
				77E3831F2A7225490084B8A6 /* Sources */,
				77E383202A7225490084B8A6 /* Frameworks */,
				77E383212A7225490084B8A6 /* Resources */,
			);
			buildRules = (
			);
			dependencies = (
				77E383252A7225490084B8A6 /* PBXTargetDependency */,
			);
			name = ProjectMunchiesUITests;
			productName = ProjectMunchiesUITests;
			productReference = 77E383232A7225490084B8A6 /* ProjectMunchiesUITests.xctest */;
			productType = "com.apple.product-type.bundle.ui-testing";
		};
/* End PBXNativeTarget section */

/* Begin PBXProject section */
		77E383012A7225470084B8A6 /* Project object */ = {
			isa = PBXProject;
			attributes = {
				BuildIndependentTargetsInParallel = 1;
				LastSwiftUpdateCheck = 1410;
				LastUpgradeCheck = 1410;
				TargetAttributes = {
					77E383082A7225470084B8A6 = {
						CreatedOnToolsVersion = 14.1;
					};
					77E383182A7225490084B8A6 = {
						CreatedOnToolsVersion = 14.1;
						TestTargetID = 77E383082A7225470084B8A6;
					};
					77E383222A7225490084B8A6 = {
						CreatedOnToolsVersion = 14.1;
						TestTargetID = 77E383082A7225470084B8A6;
					};
				};
			};
			buildConfigurationList = 77E383042A7225470084B8A6 /* Build configuration list for PBXProject "ProjectMunchies" */;
			compatibilityVersion = "Xcode 14.0";
			developmentRegion = en;
			hasScannedForEncodings = 0;
			knownRegions = (
				en,
				Base,
			);
			mainGroup = 77E383002A7225470084B8A6;
			packageReferences = (
				770AD05F2A76C1CB004CA5D2 /* XCRemoteSwiftPackageReference "firebase-ios-sdk" */,
			);
			productRefGroup = 77E3830A2A7225470084B8A6 /* Products */;
			projectDirPath = "";
			projectRoot = "";
			targets = (
				77E383082A7225470084B8A6 /* ProjectMunchies */,
				77E383182A7225490084B8A6 /* ProjectMunchiesTests */,
				77E383222A7225490084B8A6 /* ProjectMunchiesUITests */,
			);
		};
/* End PBXProject section */

/* Begin PBXResourcesBuildPhase section */
		77E383072A7225470084B8A6 /* Resources */ = {
			isa = PBXResourcesBuildPhase;
			buildActionMask = 2147483647;
			files = (
				77E383142A7225490084B8A6 /* Preview Assets.xcassets in Resources */,
				77E383112A7225490084B8A6 /* Assets.xcassets in Resources */,
				770AD05C2A76C0F1004CA5D2 /* GoogleService-Info.plist in Resources */,
			);
			runOnlyForDeploymentPostprocessing = 0;
		};
		77E383172A7225490084B8A6 /* Resources */ = {
			isa = PBXResourcesBuildPhase;
			buildActionMask = 2147483647;
			files = (
				770AD05D2A76C0F1004CA5D2 /* GoogleService-Info.plist in Resources */,
			);
			runOnlyForDeploymentPostprocessing = 0;
		};
		77E383212A7225490084B8A6 /* Resources */ = {
			isa = PBXResourcesBuildPhase;
			buildActionMask = 2147483647;
			files = (
				770AD05E2A76C0F1004CA5D2 /* GoogleService-Info.plist in Resources */,
			);
			runOnlyForDeploymentPostprocessing = 0;
		};
/* End PBXResourcesBuildPhase section */

/* Begin PBXSourcesBuildPhase section */
		77E383052A7225470084B8A6 /* Sources */ = {
			isa = PBXSourcesBuildPhase;
			buildActionMask = 2147483647;
			files = (
				77E383372A7226290084B8A6 /* HomeView.swift in Sources */,
				77E383492A7388F50084B8A6 /* ProfileModel.swift in Sources */,
				770AD09B2A778AEA004CA5D2 /* HamburgerMenu.swift in Sources */,
				77E383432A7244C60084B8A6 /* EventModel.swift in Sources */,
				770AD09F2A78C046004CA5D2 /* CardViewModel.swift in Sources */,
				77F3E0AA2A860C3E00BC3791 /* HomeViewModel.swift in Sources */,
				770AD0972A76D0BE004CA5D2 /* SettingsView.swift in Sources */,
				77E3834D2A74E36A0084B8A6 /* ViewRouter.swift in Sources */,
				77F3E0A62A86092500BC3791 /* ImagePicker.swift in Sources */,
				77E3833F2A7229E50084B8A6 /* EventsView.swift in Sources */,
				77E3833B2A7229B80084B8A6 /* CardsView.swift in Sources */,
				77E3830F2A7225470084B8A6 /* ContentView.swift in Sources */,
				77E383522A75BB840084B8A6 /* ProfileView.swift in Sources */,
				77E3833D2A7229DC0084B8A6 /* EventView.swift in Sources */,
				77E3834B2A738D480084B8A6 /* Extensions.swift in Sources */,
				77F3E0AE2A87A13C00BC3791 /* Header.swift in Sources */,
				77F3E0AC2A8693DC00BC3791 /* FoodFilterModel.swift in Sources */,
				77E3834F2A751D9E0084B8A6 /* EventEditView.swift in Sources */,
				77E383412A7242A40084B8A6 /* SearchBar.swift in Sources */,
				770AD05A2A76BBCB004CA5D2 /* SignUpView.swift in Sources */,
				77E383392A7229AD0084B8A6 /* CardView.swift in Sources */,
				77E3830D2A7225470084B8A6 /* ProjectMunchiesApp.swift in Sources */,
				770AD0582A76BBC0004CA5D2 /* SignInView.swift in Sources */,
				77E383452A7247460084B8A6 /* MockService.swift in Sources */,
				77F3E0A32A79065700BC3791 /* NotificationsView.swift in Sources */,
			);
			runOnlyForDeploymentPostprocessing = 0;
		};
		77E383152A7225490084B8A6 /* Sources */ = {
			isa = PBXSourcesBuildPhase;
			buildActionMask = 2147483647;
			files = (
				770AD0A02A78C046004CA5D2 /* CardViewModel.swift in Sources */,
				77E3831E2A7225490084B8A6 /* ProjectMunchiesTests.swift in Sources */,
				770AD0982A76D0BE004CA5D2 /* SettingsView.swift in Sources */,
				770AD09C2A778AEA004CA5D2 /* HamburgerMenu.swift in Sources */,
			);
			runOnlyForDeploymentPostprocessing = 0;
		};
		77E3831F2A7225490084B8A6 /* Sources */ = {
			isa = PBXSourcesBuildPhase;
			buildActionMask = 2147483647;
			files = (
				770AD09D2A778AEA004CA5D2 /* HamburgerMenu.swift in Sources */,
				770AD0992A76D0BE004CA5D2 /* SettingsView.swift in Sources */,
				77E3832A2A7225490084B8A6 /* ProjectMunchiesUITestsLaunchTests.swift in Sources */,
				77E383282A7225490084B8A6 /* ProjectMunchiesUITests.swift in Sources */,
				770AD0A12A78C046004CA5D2 /* CardViewModel.swift in Sources */,
			);
			runOnlyForDeploymentPostprocessing = 0;
		};
/* End PBXSourcesBuildPhase section */

/* Begin PBXTargetDependency section */
		77E3831B2A7225490084B8A6 /* PBXTargetDependency */ = {
			isa = PBXTargetDependency;
			target = 77E383082A7225470084B8A6 /* ProjectMunchies */;
			targetProxy = 77E3831A2A7225490084B8A6 /* PBXContainerItemProxy */;
		};
		77E383252A7225490084B8A6 /* PBXTargetDependency */ = {
			isa = PBXTargetDependency;
			target = 77E383082A7225470084B8A6 /* ProjectMunchies */;
			targetProxy = 77E383242A7225490084B8A6 /* PBXContainerItemProxy */;
		};
/* End PBXTargetDependency section */

/* Begin XCBuildConfiguration section */
		77E3832B2A7225490084B8A6 /* Debug */ = {
			isa = XCBuildConfiguration;
			buildSettings = {
				ALWAYS_SEARCH_USER_PATHS = NO;
				CLANG_ANALYZER_NONNULL = YES;
				CLANG_ANALYZER_NUMBER_OBJECT_CONVERSION = YES_AGGRESSIVE;
				CLANG_CXX_LANGUAGE_STANDARD = "gnu++20";
				CLANG_ENABLE_MODULES = YES;
				CLANG_ENABLE_OBJC_ARC = YES;
				CLANG_ENABLE_OBJC_WEAK = YES;
				CLANG_WARN_BLOCK_CAPTURE_AUTORELEASING = YES;
				CLANG_WARN_BOOL_CONVERSION = YES;
				CLANG_WARN_COMMA = YES;
				CLANG_WARN_CONSTANT_CONVERSION = YES;
				CLANG_WARN_DEPRECATED_OBJC_IMPLEMENTATIONS = YES;
				CLANG_WARN_DIRECT_OBJC_ISA_USAGE = YES_ERROR;
				CLANG_WARN_DOCUMENTATION_COMMENTS = YES;
				CLANG_WARN_EMPTY_BODY = YES;
				CLANG_WARN_ENUM_CONVERSION = YES;
				CLANG_WARN_INFINITE_RECURSION = YES;
				CLANG_WARN_INT_CONVERSION = YES;
				CLANG_WARN_NON_LITERAL_NULL_CONVERSION = YES;
				CLANG_WARN_OBJC_IMPLICIT_RETAIN_SELF = YES;
				CLANG_WARN_OBJC_LITERAL_CONVERSION = YES;
				CLANG_WARN_OBJC_ROOT_CLASS = YES_ERROR;
				CLANG_WARN_QUOTED_INCLUDE_IN_FRAMEWORK_HEADER = YES;
				CLANG_WARN_RANGE_LOOP_ANALYSIS = YES;
				CLANG_WARN_STRICT_PROTOTYPES = YES;
				CLANG_WARN_SUSPICIOUS_MOVE = YES;
				CLANG_WARN_UNGUARDED_AVAILABILITY = YES_AGGRESSIVE;
				CLANG_WARN_UNREACHABLE_CODE = YES;
				CLANG_WARN__DUPLICATE_METHOD_MATCH = YES;
				COPY_PHASE_STRIP = NO;
				DEBUG_INFORMATION_FORMAT = dwarf;
				ENABLE_STRICT_OBJC_MSGSEND = YES;
				ENABLE_TESTABILITY = YES;
				GCC_C_LANGUAGE_STANDARD = gnu11;
				GCC_DYNAMIC_NO_PIC = NO;
				GCC_NO_COMMON_BLOCKS = YES;
				GCC_OPTIMIZATION_LEVEL = 0;
				GCC_PREPROCESSOR_DEFINITIONS = (
					"DEBUG=1",
					"$(inherited)",
				);
				GCC_WARN_64_TO_32_BIT_CONVERSION = YES;
				GCC_WARN_ABOUT_RETURN_TYPE = YES_ERROR;
				GCC_WARN_UNDECLARED_SELECTOR = YES;
				GCC_WARN_UNINITIALIZED_AUTOS = YES_AGGRESSIVE;
				GCC_WARN_UNUSED_FUNCTION = YES;
				GCC_WARN_UNUSED_VARIABLE = YES;
				IPHONEOS_DEPLOYMENT_TARGET = 16.1;
				MTL_ENABLE_DEBUG_INFO = INCLUDE_SOURCE;
				MTL_FAST_MATH = YES;
				ONLY_ACTIVE_ARCH = YES;
				SDKROOT = iphoneos;
				SWIFT_ACTIVE_COMPILATION_CONDITIONS = DEBUG;
				SWIFT_OPTIMIZATION_LEVEL = "-Onone";
			};
			name = Debug;
		};
		77E3832C2A7225490084B8A6 /* Release */ = {
			isa = XCBuildConfiguration;
			buildSettings = {
				ALWAYS_SEARCH_USER_PATHS = NO;
				CLANG_ANALYZER_NONNULL = YES;
				CLANG_ANALYZER_NUMBER_OBJECT_CONVERSION = YES_AGGRESSIVE;
				CLANG_CXX_LANGUAGE_STANDARD = "gnu++20";
				CLANG_ENABLE_MODULES = YES;
				CLANG_ENABLE_OBJC_ARC = YES;
				CLANG_ENABLE_OBJC_WEAK = YES;
				CLANG_WARN_BLOCK_CAPTURE_AUTORELEASING = YES;
				CLANG_WARN_BOOL_CONVERSION = YES;
				CLANG_WARN_COMMA = YES;
				CLANG_WARN_CONSTANT_CONVERSION = YES;
				CLANG_WARN_DEPRECATED_OBJC_IMPLEMENTATIONS = YES;
				CLANG_WARN_DIRECT_OBJC_ISA_USAGE = YES_ERROR;
				CLANG_WARN_DOCUMENTATION_COMMENTS = YES;
				CLANG_WARN_EMPTY_BODY = YES;
				CLANG_WARN_ENUM_CONVERSION = YES;
				CLANG_WARN_INFINITE_RECURSION = YES;
				CLANG_WARN_INT_CONVERSION = YES;
				CLANG_WARN_NON_LITERAL_NULL_CONVERSION = YES;
				CLANG_WARN_OBJC_IMPLICIT_RETAIN_SELF = YES;
				CLANG_WARN_OBJC_LITERAL_CONVERSION = YES;
				CLANG_WARN_OBJC_ROOT_CLASS = YES_ERROR;
				CLANG_WARN_QUOTED_INCLUDE_IN_FRAMEWORK_HEADER = YES;
				CLANG_WARN_RANGE_LOOP_ANALYSIS = YES;
				CLANG_WARN_STRICT_PROTOTYPES = YES;
				CLANG_WARN_SUSPICIOUS_MOVE = YES;
				CLANG_WARN_UNGUARDED_AVAILABILITY = YES_AGGRESSIVE;
				CLANG_WARN_UNREACHABLE_CODE = YES;
				CLANG_WARN__DUPLICATE_METHOD_MATCH = YES;
				COPY_PHASE_STRIP = NO;
				DEBUG_INFORMATION_FORMAT = "dwarf-with-dsym";
				ENABLE_NS_ASSERTIONS = NO;
				ENABLE_STRICT_OBJC_MSGSEND = YES;
				GCC_C_LANGUAGE_STANDARD = gnu11;
				GCC_NO_COMMON_BLOCKS = YES;
				GCC_WARN_64_TO_32_BIT_CONVERSION = YES;
				GCC_WARN_ABOUT_RETURN_TYPE = YES_ERROR;
				GCC_WARN_UNDECLARED_SELECTOR = YES;
				GCC_WARN_UNINITIALIZED_AUTOS = YES_AGGRESSIVE;
				GCC_WARN_UNUSED_FUNCTION = YES;
				GCC_WARN_UNUSED_VARIABLE = YES;
				IPHONEOS_DEPLOYMENT_TARGET = 16.1;
				MTL_ENABLE_DEBUG_INFO = NO;
				MTL_FAST_MATH = YES;
				SDKROOT = iphoneos;
				SWIFT_COMPILATION_MODE = wholemodule;
				SWIFT_OPTIMIZATION_LEVEL = "-O";
				VALIDATE_PRODUCT = YES;
			};
			name = Release;
		};
		77E3832E2A7225490084B8A6 /* Debug */ = {
			isa = XCBuildConfiguration;
			buildSettings = {
				ASSETCATALOG_COMPILER_APPICON_NAME = AppIcon;
				ASSETCATALOG_COMPILER_GLOBAL_ACCENT_COLOR_NAME = AccentColor;
				ASSETCATALOG_COMPILER_INCLUDE_ALL_APPICON_ASSETS = YES;
				CODE_SIGN_STYLE = Automatic;
				CURRENT_PROJECT_VERSION = 1;
				DEVELOPMENT_ASSET_PATHS = "\"ProjectMunchies/Preview Content\"";
				DEVELOPMENT_TEAM = D2P5JTGM3J;
				ENABLE_PREVIEWS = YES;
				GENERATE_INFOPLIST_FILE = YES;
				INFOPLIST_FILE = ProjectMunchies/Info.plist;
				INFOPLIST_KEY_CFBundleDisplayName = CrunchBunch;
				INFOPLIST_KEY_LSApplicationCategoryType = "public.app-category.food-and-drink";
				INFOPLIST_KEY_UIApplicationSceneManifest_Generation = YES;
				INFOPLIST_KEY_UIApplicationSupportsIndirectInputEvents = YES;
				INFOPLIST_KEY_UILaunchScreen_Generation = YES;
				INFOPLIST_KEY_UIRequiresFullScreen = YES;
				INFOPLIST_KEY_UIStatusBarStyle = "";
				INFOPLIST_KEY_UISupportedInterfaceOrientations = UIInterfaceOrientationPortrait;
				INFOPLIST_KEY_UISupportedInterfaceOrientations_iPad = "UIInterfaceOrientationPortrait UIInterfaceOrientationPortraitUpsideDown";
				LD_RUNPATH_SEARCH_PATHS = (
					"$(inherited)",
					"@executable_path/Frameworks",
				);
				MARKETING_VERSION = 1.1;
				PRODUCT_BUNDLE_IDENTIFIER = com.dotz3r0.ProjectMunchies;
				PRODUCT_NAME = "$(TARGET_NAME)";
				SWIFT_EMIT_LOC_STRINGS = YES;
				SWIFT_VERSION = 5.0;
				TARGETED_DEVICE_FAMILY = "1,2";
			};
			name = Debug;
		};
		77E3832F2A7225490084B8A6 /* Release */ = {
			isa = XCBuildConfiguration;
			buildSettings = {
				ASSETCATALOG_COMPILER_APPICON_NAME = AppIcon;
				ASSETCATALOG_COMPILER_GLOBAL_ACCENT_COLOR_NAME = AccentColor;
				ASSETCATALOG_COMPILER_INCLUDE_ALL_APPICON_ASSETS = YES;
				CODE_SIGN_STYLE = Automatic;
				CURRENT_PROJECT_VERSION = 1;
				DEVELOPMENT_ASSET_PATHS = "\"ProjectMunchies/Preview Content\"";
				DEVELOPMENT_TEAM = D2P5JTGM3J;
				ENABLE_PREVIEWS = YES;
				GENERATE_INFOPLIST_FILE = YES;
				INFOPLIST_FILE = ProjectMunchies/Info.plist;
				INFOPLIST_KEY_CFBundleDisplayName = CrunchBunch;
				INFOPLIST_KEY_LSApplicationCategoryType = "public.app-category.food-and-drink";
				INFOPLIST_KEY_UIApplicationSceneManifest_Generation = YES;
				INFOPLIST_KEY_UIApplicationSupportsIndirectInputEvents = YES;
				INFOPLIST_KEY_UILaunchScreen_Generation = YES;
				INFOPLIST_KEY_UIRequiresFullScreen = YES;
				INFOPLIST_KEY_UIStatusBarStyle = "";
				INFOPLIST_KEY_UISupportedInterfaceOrientations = UIInterfaceOrientationPortrait;
				INFOPLIST_KEY_UISupportedInterfaceOrientations_iPad = "UIInterfaceOrientationPortrait UIInterfaceOrientationPortraitUpsideDown";
				LD_RUNPATH_SEARCH_PATHS = (
					"$(inherited)",
					"@executable_path/Frameworks",
				);
				MARKETING_VERSION = 1.1;
				PRODUCT_BUNDLE_IDENTIFIER = com.dotz3r0.ProjectMunchies;
				PRODUCT_NAME = "$(TARGET_NAME)";
				SWIFT_EMIT_LOC_STRINGS = YES;
				SWIFT_VERSION = 5.0;
				TARGETED_DEVICE_FAMILY = "1,2";
			};
			name = Release;
		};
		77E383312A7225490084B8A6 /* Debug */ = {
			isa = XCBuildConfiguration;
			buildSettings = {
				ALWAYS_EMBED_SWIFT_STANDARD_LIBRARIES = YES;
				BUNDLE_LOADER = "$(TEST_HOST)";
				CODE_SIGN_STYLE = Automatic;
				CURRENT_PROJECT_VERSION = 1;
				DEVELOPMENT_TEAM = D2P5JTGM3J;
				GENERATE_INFOPLIST_FILE = YES;
				IPHONEOS_DEPLOYMENT_TARGET = 16.1;
				MARKETING_VERSION = 1.0;
				PRODUCT_BUNDLE_IDENTIFIER = com.dotz3r0.ProjectMunchiesTests;
				PRODUCT_NAME = "$(TARGET_NAME)";
				SWIFT_EMIT_LOC_STRINGS = NO;
				SWIFT_VERSION = 5.0;
				TARGETED_DEVICE_FAMILY = "1,2";
				TEST_HOST = "$(BUILT_PRODUCTS_DIR)/ProjectMunchies.app/$(BUNDLE_EXECUTABLE_FOLDER_PATH)/ProjectMunchies";
			};
			name = Debug;
		};
		77E383322A7225490084B8A6 /* Release */ = {
			isa = XCBuildConfiguration;
			buildSettings = {
				ALWAYS_EMBED_SWIFT_STANDARD_LIBRARIES = YES;
				BUNDLE_LOADER = "$(TEST_HOST)";
				CODE_SIGN_STYLE = Automatic;
				CURRENT_PROJECT_VERSION = 1;
				DEVELOPMENT_TEAM = D2P5JTGM3J;
				GENERATE_INFOPLIST_FILE = YES;
				IPHONEOS_DEPLOYMENT_TARGET = 16.1;
				MARKETING_VERSION = 1.0;
				PRODUCT_BUNDLE_IDENTIFIER = com.dotz3r0.ProjectMunchiesTests;
				PRODUCT_NAME = "$(TARGET_NAME)";
				SWIFT_EMIT_LOC_STRINGS = NO;
				SWIFT_VERSION = 5.0;
				TARGETED_DEVICE_FAMILY = "1,2";
				TEST_HOST = "$(BUILT_PRODUCTS_DIR)/ProjectMunchies.app/$(BUNDLE_EXECUTABLE_FOLDER_PATH)/ProjectMunchies";
			};
			name = Release;
		};
		77E383342A7225490084B8A6 /* Debug */ = {
			isa = XCBuildConfiguration;
			buildSettings = {
				ALWAYS_EMBED_SWIFT_STANDARD_LIBRARIES = YES;
				CODE_SIGN_STYLE = Automatic;
				CURRENT_PROJECT_VERSION = 1;
				DEVELOPMENT_TEAM = D2P5JTGM3J;
				GENERATE_INFOPLIST_FILE = YES;
				MARKETING_VERSION = 1.0;
				PRODUCT_BUNDLE_IDENTIFIER = com.dotz3r0.ProjectMunchiesUITests;
				PRODUCT_NAME = "$(TARGET_NAME)";
				SWIFT_EMIT_LOC_STRINGS = NO;
				SWIFT_VERSION = 5.0;
				TARGETED_DEVICE_FAMILY = "1,2";
				TEST_TARGET_NAME = ProjectMunchies;
			};
			name = Debug;
		};
		77E383352A7225490084B8A6 /* Release */ = {
			isa = XCBuildConfiguration;
			buildSettings = {
				ALWAYS_EMBED_SWIFT_STANDARD_LIBRARIES = YES;
				CODE_SIGN_STYLE = Automatic;
				CURRENT_PROJECT_VERSION = 1;
				DEVELOPMENT_TEAM = D2P5JTGM3J;
				GENERATE_INFOPLIST_FILE = YES;
				MARKETING_VERSION = 1.0;
				PRODUCT_BUNDLE_IDENTIFIER = com.dotz3r0.ProjectMunchiesUITests;
				PRODUCT_NAME = "$(TARGET_NAME)";
				SWIFT_EMIT_LOC_STRINGS = NO;
				SWIFT_VERSION = 5.0;
				TARGETED_DEVICE_FAMILY = "1,2";
				TEST_TARGET_NAME = ProjectMunchies;
			};
			name = Release;
		};
/* End XCBuildConfiguration section */

/* Begin XCConfigurationList section */
		77E383042A7225470084B8A6 /* Build configuration list for PBXProject "ProjectMunchies" */ = {
			isa = XCConfigurationList;
			buildConfigurations = (
				77E3832B2A7225490084B8A6 /* Debug */,
				77E3832C2A7225490084B8A6 /* Release */,
			);
			defaultConfigurationIsVisible = 0;
			defaultConfigurationName = Release;
		};
		77E3832D2A7225490084B8A6 /* Build configuration list for PBXNativeTarget "ProjectMunchies" */ = {
			isa = XCConfigurationList;
			buildConfigurations = (
				77E3832E2A7225490084B8A6 /* Debug */,
				77E3832F2A7225490084B8A6 /* Release */,
			);
			defaultConfigurationIsVisible = 0;
			defaultConfigurationName = Release;
		};
		77E383302A7225490084B8A6 /* Build configuration list for PBXNativeTarget "ProjectMunchiesTests" */ = {
			isa = XCConfigurationList;
			buildConfigurations = (
				77E383312A7225490084B8A6 /* Debug */,
				77E383322A7225490084B8A6 /* Release */,
			);
			defaultConfigurationIsVisible = 0;
			defaultConfigurationName = Release;
		};
		77E383332A7225490084B8A6 /* Build configuration list for PBXNativeTarget "ProjectMunchiesUITests" */ = {
			isa = XCConfigurationList;
			buildConfigurations = (
				77E383342A7225490084B8A6 /* Debug */,
				77E383352A7225490084B8A6 /* Release */,
			);
			defaultConfigurationIsVisible = 0;
			defaultConfigurationName = Release;
		};
/* End XCConfigurationList section */

/* Begin XCRemoteSwiftPackageReference section */
		770AD05F2A76C1CB004CA5D2 /* XCRemoteSwiftPackageReference "firebase-ios-sdk" */ = {
			isa = XCRemoteSwiftPackageReference;
			repositoryURL = "https://github.com/firebase/firebase-ios-sdk";
			requirement = {
				kind = upToNextMajorVersion;
				minimumVersion = 9.0.0;
			};
		};
/* End XCRemoteSwiftPackageReference section */

/* Begin XCSwiftPackageProductDependency section */
		770AD0602A76C1CB004CA5D2 /* FirebaseAnalytics */ = {
			isa = XCSwiftPackageProductDependency;
			package = 770AD05F2A76C1CB004CA5D2 /* XCRemoteSwiftPackageReference "firebase-ios-sdk" */;
			productName = FirebaseAnalytics;
		};
		770AD0622A76C1CB004CA5D2 /* FirebaseAnalyticsOnDeviceConversion */ = {
			isa = XCSwiftPackageProductDependency;
			package = 770AD05F2A76C1CB004CA5D2 /* XCRemoteSwiftPackageReference "firebase-ios-sdk" */;
			productName = FirebaseAnalyticsOnDeviceConversion;
		};
		770AD0642A76C1CB004CA5D2 /* FirebaseAnalyticsSwift */ = {
			isa = XCSwiftPackageProductDependency;
			package = 770AD05F2A76C1CB004CA5D2 /* XCRemoteSwiftPackageReference "firebase-ios-sdk" */;
			productName = FirebaseAnalyticsSwift;
		};
		770AD0662A76C1CB004CA5D2 /* FirebaseAnalyticsWithoutAdIdSupport */ = {
			isa = XCSwiftPackageProductDependency;
			package = 770AD05F2A76C1CB004CA5D2 /* XCRemoteSwiftPackageReference "firebase-ios-sdk" */;
			productName = FirebaseAnalyticsWithoutAdIdSupport;
		};
		770AD0682A76C1CB004CA5D2 /* FirebaseAppCheck */ = {
			isa = XCSwiftPackageProductDependency;
			package = 770AD05F2A76C1CB004CA5D2 /* XCRemoteSwiftPackageReference "firebase-ios-sdk" */;
			productName = FirebaseAppCheck;
		};
		770AD06A2A76C1CB004CA5D2 /* FirebaseAppDistribution-Beta */ = {
			isa = XCSwiftPackageProductDependency;
			package = 770AD05F2A76C1CB004CA5D2 /* XCRemoteSwiftPackageReference "firebase-ios-sdk" */;
			productName = "FirebaseAppDistribution-Beta";
		};
		770AD06C2A76C1CB004CA5D2 /* FirebaseAuth */ = {
			isa = XCSwiftPackageProductDependency;
			package = 770AD05F2A76C1CB004CA5D2 /* XCRemoteSwiftPackageReference "firebase-ios-sdk" */;
			productName = FirebaseAuth;
		};
		770AD06E2A76C1CB004CA5D2 /* FirebaseAuthCombine-Community */ = {
			isa = XCSwiftPackageProductDependency;
			package = 770AD05F2A76C1CB004CA5D2 /* XCRemoteSwiftPackageReference "firebase-ios-sdk" */;
			productName = "FirebaseAuthCombine-Community";
		};
		770AD0702A76C1CB004CA5D2 /* FirebaseCrashlytics */ = {
			isa = XCSwiftPackageProductDependency;
			package = 770AD05F2A76C1CB004CA5D2 /* XCRemoteSwiftPackageReference "firebase-ios-sdk" */;
			productName = FirebaseCrashlytics;
		};
		770AD0722A76C1CB004CA5D2 /* FirebaseDatabase */ = {
			isa = XCSwiftPackageProductDependency;
			package = 770AD05F2A76C1CB004CA5D2 /* XCRemoteSwiftPackageReference "firebase-ios-sdk" */;
			productName = FirebaseDatabase;
		};
		770AD0742A76C1CB004CA5D2 /* FirebaseDatabaseSwift */ = {
			isa = XCSwiftPackageProductDependency;
			package = 770AD05F2A76C1CB004CA5D2 /* XCRemoteSwiftPackageReference "firebase-ios-sdk" */;
			productName = FirebaseDatabaseSwift;
		};
		770AD0762A76C1CB004CA5D2 /* FirebaseDynamicLinks */ = {
			isa = XCSwiftPackageProductDependency;
			package = 770AD05F2A76C1CB004CA5D2 /* XCRemoteSwiftPackageReference "firebase-ios-sdk" */;
			productName = FirebaseDynamicLinks;
		};
		770AD0782A76C1CB004CA5D2 /* FirebaseFirestore */ = {
			isa = XCSwiftPackageProductDependency;
			package = 770AD05F2A76C1CB004CA5D2 /* XCRemoteSwiftPackageReference "firebase-ios-sdk" */;
			productName = FirebaseFirestore;
		};
		770AD07A2A76C1CB004CA5D2 /* FirebaseFirestoreCombine-Community */ = {
			isa = XCSwiftPackageProductDependency;
			package = 770AD05F2A76C1CB004CA5D2 /* XCRemoteSwiftPackageReference "firebase-ios-sdk" */;
			productName = "FirebaseFirestoreCombine-Community";
		};
		770AD07C2A76C1CB004CA5D2 /* FirebaseFirestoreSwift */ = {
			isa = XCSwiftPackageProductDependency;
			package = 770AD05F2A76C1CB004CA5D2 /* XCRemoteSwiftPackageReference "firebase-ios-sdk" */;
			productName = FirebaseFirestoreSwift;
		};
		770AD07E2A76C1CB004CA5D2 /* FirebaseFunctions */ = {
			isa = XCSwiftPackageProductDependency;
			package = 770AD05F2A76C1CB004CA5D2 /* XCRemoteSwiftPackageReference "firebase-ios-sdk" */;
			productName = FirebaseFunctions;
		};
		770AD0802A76C1CB004CA5D2 /* FirebaseFunctionsCombine-Community */ = {
			isa = XCSwiftPackageProductDependency;
			package = 770AD05F2A76C1CB004CA5D2 /* XCRemoteSwiftPackageReference "firebase-ios-sdk" */;
			productName = "FirebaseFunctionsCombine-Community";
		};
		770AD0822A76C1CB004CA5D2 /* FirebaseInAppMessaging-Beta */ = {
			isa = XCSwiftPackageProductDependency;
			package = 770AD05F2A76C1CB004CA5D2 /* XCRemoteSwiftPackageReference "firebase-ios-sdk" */;
			productName = "FirebaseInAppMessaging-Beta";
		};
		770AD0842A76C1CB004CA5D2 /* FirebaseInAppMessagingSwift-Beta */ = {
			isa = XCSwiftPackageProductDependency;
			package = 770AD05F2A76C1CB004CA5D2 /* XCRemoteSwiftPackageReference "firebase-ios-sdk" */;
			productName = "FirebaseInAppMessagingSwift-Beta";
		};
		770AD0862A76C1CB004CA5D2 /* FirebaseInstallations */ = {
			isa = XCSwiftPackageProductDependency;
			package = 770AD05F2A76C1CB004CA5D2 /* XCRemoteSwiftPackageReference "firebase-ios-sdk" */;
			productName = FirebaseInstallations;
		};
		770AD0882A76C1CB004CA5D2 /* FirebaseMLModelDownloader */ = {
			isa = XCSwiftPackageProductDependency;
			package = 770AD05F2A76C1CB004CA5D2 /* XCRemoteSwiftPackageReference "firebase-ios-sdk" */;
			productName = FirebaseMLModelDownloader;
		};
		770AD08A2A76C1CB004CA5D2 /* FirebaseMessaging */ = {
			isa = XCSwiftPackageProductDependency;
			package = 770AD05F2A76C1CB004CA5D2 /* XCRemoteSwiftPackageReference "firebase-ios-sdk" */;
			productName = FirebaseMessaging;
		};
		770AD08C2A76C1CB004CA5D2 /* FirebasePerformance */ = {
			isa = XCSwiftPackageProductDependency;
			package = 770AD05F2A76C1CB004CA5D2 /* XCRemoteSwiftPackageReference "firebase-ios-sdk" */;
			productName = FirebasePerformance;
		};
		770AD08E2A76C1CB004CA5D2 /* FirebaseRemoteConfig */ = {
			isa = XCSwiftPackageProductDependency;
			package = 770AD05F2A76C1CB004CA5D2 /* XCRemoteSwiftPackageReference "firebase-ios-sdk" */;
			productName = FirebaseRemoteConfig;
		};
		770AD0902A76C1CB004CA5D2 /* FirebaseRemoteConfigSwift */ = {
			isa = XCSwiftPackageProductDependency;
			package = 770AD05F2A76C1CB004CA5D2 /* XCRemoteSwiftPackageReference "firebase-ios-sdk" */;
			productName = FirebaseRemoteConfigSwift;
		};
		770AD0922A76C1CB004CA5D2 /* FirebaseStorage */ = {
			isa = XCSwiftPackageProductDependency;
			package = 770AD05F2A76C1CB004CA5D2 /* XCRemoteSwiftPackageReference "firebase-ios-sdk" */;
			productName = FirebaseStorage;
		};
		770AD0942A76C1CB004CA5D2 /* FirebaseStorageCombine-Community */ = {
			isa = XCSwiftPackageProductDependency;
			package = 770AD05F2A76C1CB004CA5D2 /* XCRemoteSwiftPackageReference "firebase-ios-sdk" */;
			productName = "FirebaseStorageCombine-Community";
		};
/* End XCSwiftPackageProductDependency section */
	};
	rootObject = 77E383012A7225470084B8A6 /* Project object */;
}
